// !$*UTF8*$!
{
	archiveVersion = 1;
	classes = {
	};
	objectVersion = 46;
	objects = {

/* Begin PBXBuildFile section */
		44F92AD41D12126A0029DC85 /* main.m in Sources */ = {isa = PBXBuildFile; fileRef = 44F92AD31D12126A0029DC85 /* main.m */; };
		44F92AD71D12126A0029DC85 /* AppDelegate.m in Sources */ = {isa = PBXBuildFile; fileRef = 44F92AD61D12126A0029DC85 /* AppDelegate.m */; };
		44F92ADA1D12126A0029DC85 /* ViewController.m in Sources */ = {isa = PBXBuildFile; fileRef = 44F92AD91D12126A0029DC85 /* ViewController.m */; };
		44F92ADD1D12126A0029DC85 /* Main.storyboard in Resources */ = {isa = PBXBuildFile; fileRef = 44F92ADB1D12126A0029DC85 /* Main.storyboard */; };
		44F92ADF1D12126A0029DC85 /* Assets.xcassets in Resources */ = {isa = PBXBuildFile; fileRef = 44F92ADE1D12126A0029DC85 /* Assets.xcassets */; };
		44F92AE21D12126A0029DC85 /* LaunchScreen.storyboard in Resources */ = {isa = PBXBuildFile; fileRef = 44F92AE01D12126A0029DC85 /* LaunchScreen.storyboard */; };
		44F92AED1D12126A0029DC85 /* __02___iOS______Tests.m in Sources */ = {isa = PBXBuildFile; fileRef = 44F92AEC1D12126A0029DC85 /* __02___iOS______Tests.m */; };
		44F92AF81D12126A0029DC85 /* __02___iOS______UITests.m in Sources */ = {isa = PBXBuildFile; fileRef = 44F92AF71D12126A0029DC85 /* __02___iOS______UITests.m */; };
		44F92B071D1213BE0029DC85 /* Person.m in Sources */ = {isa = PBXBuildFile; fileRef = 44F92B061D1213BE0029DC85 /* Person.m */; };
		44F92B0A1D1213CC0029DC85 /* Language.m in Sources */ = {isa = PBXBuildFile; fileRef = 44F92B091D1213CC0029DC85 /* Language.m */; };
		44F92B0D1D1213D90029DC85 /* iOS.m in Sources */ = {isa = PBXBuildFile; fileRef = 44F92B0C1D1213D90029DC85 /* iOS.m */; };
		44F92B101D1213E60029DC85 /* Java.m in Sources */ = {isa = PBXBuildFile; fileRef = 44F92B0F1D1213E60029DC85 /* Java.m */; };
		44F92B131D121AF20029DC85 /* Student.m in Sources */ = {isa = PBXBuildFile; fileRef = 44F92B121D121AF20029DC85 /* Student.m */; };
/* End PBXBuildFile section */

/* Begin PBXContainerItemProxy section */
		44F92AE91D12126A0029DC85 /* PBXContainerItemProxy */ = {
			isa = PBXContainerItemProxy;
			containerPortal = 44F92AC71D12126A0029DC85 /* Project object */;
			proxyType = 1;
			remoteGlobalIDString = 44F92ACE1D12126A0029DC85;
			remoteInfo = "5-02___iOS新特性之泛型";
		};
		44F92AF41D12126A0029DC85 /* PBXContainerItemProxy */ = {
			isa = PBXContainerItemProxy;
			containerPortal = 44F92AC71D12126A0029DC85 /* Project object */;
			proxyType = 1;
			remoteGlobalIDString = 44F92ACE1D12126A0029DC85;
			remoteInfo = "5-02___iOS新特性之泛型";
		};
/* End PBXContainerItemProxy section */

/* Begin PBXFileReference section */
		44F92ACF1D12126A0029DC85 /* 5-02___iOS新特性之泛型.app */ = {isa = PBXFileReference; explicitFileType = wrapper.application; includeInIndex = 0; path = "5-02___iOS新特性之泛型.app"; sourceTree = BUILT_PRODUCTS_DIR; };
		44F92AD31D12126A0029DC85 /* main.m */ = {isa = PBXFileReference; lastKnownFileType = sourcecode.c.objc; path = main.m; sourceTree = "<group>"; };
		44F92AD51D12126A0029DC85 /* AppDelegate.h */ = {isa = PBXFileReference; lastKnownFileType = sourcecode.c.h; path = AppDelegate.h; sourceTree = "<group>"; };
		44F92AD61D12126A0029DC85 /* AppDelegate.m */ = {isa = PBXFileReference; lastKnownFileType = sourcecode.c.objc; path = AppDelegate.m; sourceTree = "<group>"; };
		44F92AD81D12126A0029DC85 /* ViewController.h */ = {isa = PBXFileReference; lastKnownFileType = sourcecode.c.h; path = ViewController.h; sourceTree = "<group>"; };
		44F92AD91D12126A0029DC85 /* ViewController.m */ = {isa = PBXFileReference; lastKnownFileType = sourcecode.c.objc; path = ViewController.m; sourceTree = "<group>"; };
		44F92ADC1D12126A0029DC85 /* Base */ = {isa = PBXFileReference; lastKnownFileType = file.storyboard; name = Base; path = Base.lproj/Main.storyboard; sourceTree = "<group>"; };
		44F92ADE1D12126A0029DC85 /* Assets.xcassets */ = {isa = PBXFileReference; lastKnownFileType = folder.assetcatalog; path = Assets.xcassets; sourceTree = "<group>"; };
		44F92AE11D12126A0029DC85 /* Base */ = {isa = PBXFileReference; lastKnownFileType = file.storyboard; name = Base; path = Base.lproj/LaunchScreen.storyboard; sourceTree = "<group>"; };
		44F92AE31D12126A0029DC85 /* Info.plist */ = {isa = PBXFileReference; lastKnownFileType = text.plist.xml; path = Info.plist; sourceTree = "<group>"; };
		44F92AE81D12126A0029DC85 /* 5-02___iOS新特性之泛型Tests.xctest */ = {isa = PBXFileReference; explicitFileType = wrapper.cfbundle; includeInIndex = 0; path = "5-02___iOS新特性之泛型Tests.xctest"; sourceTree = BUILT_PRODUCTS_DIR; };
		44F92AEC1D12126A0029DC85 /* __02___iOS______Tests.m */ = {isa = PBXFileReference; lastKnownFileType = sourcecode.c.objc; path = "__02___iOS______Tests.m"; sourceTree = "<group>"; };
		44F92AEE1D12126A0029DC85 /* Info.plist */ = {isa = PBXFileReference; lastKnownFileType = text.plist.xml; path = Info.plist; sourceTree = "<group>"; };
		44F92AF31D12126A0029DC85 /* 5-02___iOS新特性之泛型UITests.xctest */ = {isa = PBXFileReference; explicitFileType = wrapper.cfbundle; includeInIndex = 0; path = "5-02___iOS新特性之泛型UITests.xctest"; sourceTree = BUILT_PRODUCTS_DIR; };
		44F92AF71D12126A0029DC85 /* __02___iOS______UITests.m */ = {isa = PBXFileReference; lastKnownFileType = sourcecode.c.objc; path = "__02___iOS______UITests.m"; sourceTree = "<group>"; };
		44F92AF91D12126A0029DC85 /* Info.plist */ = {isa = PBXFileReference; lastKnownFileType = text.plist.xml; path = Info.plist; sourceTree = "<group>"; };
		44F92B051D1213BE0029DC85 /* Person.h */ = {isa = PBXFileReference; fileEncoding = 4; lastKnownFileType = sourcecode.c.h; path = Person.h; sourceTree = "<group>"; };
		44F92B061D1213BE0029DC85 /* Person.m */ = {isa = PBXFileReference; fileEncoding = 4; lastKnownFileType = sourcecode.c.objc; path = Person.m; sourceTree = "<group>"; };
		44F92B081D1213CC0029DC85 /* Language.h */ = {isa = PBXFileReference; fileEncoding = 4; lastKnownFileType = sourcecode.c.h; path = Language.h; sourceTree = "<group>"; };
		44F92B091D1213CC0029DC85 /* Language.m */ = {isa = PBXFileReference; fileEncoding = 4; lastKnownFileType = sourcecode.c.objc; path = Language.m; sourceTree = "<group>"; };
		44F92B0B1D1213D90029DC85 /* iOS.h */ = {isa = PBXFileReference; fileEncoding = 4; lastKnownFileType = sourcecode.c.h; path = iOS.h; sourceTree = "<group>"; };
		44F92B0C1D1213D90029DC85 /* iOS.m */ = {isa = PBXFileReference; fileEncoding = 4; lastKnownFileType = sourcecode.c.objc; path = iOS.m; sourceTree = "<group>"; };
		44F92B0E1D1213E60029DC85 /* Java.h */ = {isa = PBXFileReference; fileEncoding = 4; lastKnownFileType = sourcecode.c.h; path = Java.h; sourceTree = "<group>"; };
		44F92B0F1D1213E60029DC85 /* Java.m */ = {isa = PBXFileReference; fileEncoding = 4; lastKnownFileType = sourcecode.c.objc; path = Java.m; sourceTree = "<group>"; };
		44F92B111D121AF20029DC85 /* Student.h */ = {isa = PBXFileReference; fileEncoding = 4; lastKnownFileType = sourcecode.c.h; path = Student.h; sourceTree = "<group>"; };
		44F92B121D121AF20029DC85 /* Student.m */ = {isa = PBXFileReference; fileEncoding = 4; lastKnownFileType = sourcecode.c.objc; path = Student.m; sourceTree = "<group>"; };
/* End PBXFileReference section */

/* Begin PBXFrameworksBuildPhase section */
		44F92ACC1D12126A0029DC85 /* Frameworks */ = {
			isa = PBXFrameworksBuildPhase;
			buildActionMask = 2147483647;
			files = (
			);
			runOnlyForDeploymentPostprocessing = 0;
		};
		44F92AE51D12126A0029DC85 /* Frameworks */ = {
			isa = PBXFrameworksBuildPhase;
			buildActionMask = 2147483647;
			files = (
			);
			runOnlyForDeploymentPostprocessing = 0;
		};
		44F92AF01D12126A0029DC85 /* Frameworks */ = {
			isa = PBXFrameworksBuildPhase;
			buildActionMask = 2147483647;
			files = (
			);
			runOnlyForDeploymentPostprocessing = 0;
		};
/* End PBXFrameworksBuildPhase section */

/* Begin PBXGroup section */
		44F92AC61D12126A0029DC85 = {
			isa = PBXGroup;
			children = (
				44F92AD11D12126A0029DC85 /* 5-02___iOS新特性之泛型 */,
				44F92AEB1D12126A0029DC85 /* 5-02___iOS新特性之泛型Tests */,
				44F92AF61D12126A0029DC85 /* 5-02___iOS新特性之泛型UITests */,
				44F92AD01D12126A0029DC85 /* Products */,
			);
			sourceTree = "<group>";
		};
		44F92AD01D12126A0029DC85 /* Products */ = {
			isa = PBXGroup;
			children = (
				44F92ACF1D12126A0029DC85 /* 5-02___iOS新特性之泛型.app */,
				44F92AE81D12126A0029DC85 /* 5-02___iOS新特性之泛型Tests.xctest */,
				44F92AF31D12126A0029DC85 /* 5-02___iOS新特性之泛型UITests.xctest */,
			);
			name = Products;
			sourceTree = "<group>";
		};
		44F92AD11D12126A0029DC85 /* 5-02___iOS新特性之泛型 */ = {
			isa = PBXGroup;
			children = (
				44F92AD51D12126A0029DC85 /* AppDelegate.h */,
				44F92AD61D12126A0029DC85 /* AppDelegate.m */,
				44F92AD81D12126A0029DC85 /* ViewController.h */,
				44F92AD91D12126A0029DC85 /* ViewController.m */,
				44F92B051D1213BE0029DC85 /* Person.h */,
				44F92B061D1213BE0029DC85 /* Person.m */,
				44F92B111D121AF20029DC85 /* Student.h */,
				44F92B121D121AF20029DC85 /* Student.m */,
				44F92B081D1213CC0029DC85 /* Language.h */,
				44F92B091D1213CC0029DC85 /* Language.m */,
				44F92B0B1D1213D90029DC85 /* iOS.h */,
				44F92B0C1D1213D90029DC85 /* iOS.m */,
				44F92B0E1D1213E60029DC85 /* Java.h */,
				44F92B0F1D1213E60029DC85 /* Java.m */,
				44F92ADB1D12126A0029DC85 /* Main.storyboard */,
				44F92ADE1D12126A0029DC85 /* Assets.xcassets */,
				44F92AE01D12126A0029DC85 /* LaunchScreen.storyboard */,
				44F92AE31D12126A0029DC85 /* Info.plist */,
				44F92AD21D12126A0029DC85 /* Supporting Files */,
			);
			path = "5-02___iOS新特性之泛型";
			sourceTree = "<group>";
		};
		44F92AD21D12126A0029DC85 /* Supporting Files */ = {
			isa = PBXGroup;
			children = (
				44F92AD31D12126A0029DC85 /* main.m */,
			);
			name = "Supporting Files";
			sourceTree = "<group>";
		};
		44F92AEB1D12126A0029DC85 /* 5-02___iOS新特性之泛型Tests */ = {
			isa = PBXGroup;
			children = (
				44F92AEC1D12126A0029DC85 /* __02___iOS______Tests.m */,
				44F92AEE1D12126A0029DC85 /* Info.plist */,
			);
			path = "5-02___iOS新特性之泛型Tests";
			sourceTree = "<group>";
		};
		44F92AF61D12126A0029DC85 /* 5-02___iOS新特性之泛型UITests */ = {
			isa = PBXGroup;
			children = (
				44F92AF71D12126A0029DC85 /* __02___iOS______UITests.m */,
				44F92AF91D12126A0029DC85 /* Info.plist */,
			);
			path = "5-02___iOS新特性之泛型UITests";
			sourceTree = "<group>";
		};
/* End PBXGroup section */

/* Begin PBXNativeTarget section */
		44F92ACE1D12126A0029DC85 /* 5-02___iOS新特性之泛型 */ = {
			isa = PBXNativeTarget;
			buildConfigurationList = 44F92AFC1D12126A0029DC85 /* Build configuration list for PBXNativeTarget "5-02___iOS新特性之泛型" */;
			buildPhases = (
				44F92ACB1D12126A0029DC85 /* Sources */,
				44F92ACC1D12126A0029DC85 /* Frameworks */,
				44F92ACD1D12126A0029DC85 /* Resources */,
			);
			buildRules = (
			);
			dependencies = (
			);
			name = "5-02___iOS新特性之泛型";
			productName = "5-02___iOS新特性之泛型";
			productReference = 44F92ACF1D12126A0029DC85 /* 5-02___iOS新特性之泛型.app */;
			productType = "com.apple.product-type.application";
		};
		44F92AE71D12126A0029DC85 /* 5-02___iOS新特性之泛型Tests */ = {
			isa = PBXNativeTarget;
			buildConfigurationList = 44F92AFF1D12126A0029DC85 /* Build configuration list for PBXNativeTarget "5-02___iOS新特性之泛型Tests" */;
			buildPhases = (
				44F92AE41D12126A0029DC85 /* Sources */,
				44F92AE51D12126A0029DC85 /* Frameworks */,
				44F92AE61D12126A0029DC85 /* Resources */,
			);
			buildRules = (
			);
			dependencies = (
				44F92AEA1D12126A0029DC85 /* PBXTargetDependency */,
			);
			name = "5-02___iOS新特性之泛型Tests";
			productName = "5-02___iOS新特性之泛型Tests";
			productReference = 44F92AE81D12126A0029DC85 /* 5-02___iOS新特性之泛型Tests.xctest */;
			productType = "com.apple.product-type.bundle.unit-test";
		};
		44F92AF21D12126A0029DC85 /* 5-02___iOS新特性之泛型UITests */ = {
			isa = PBXNativeTarget;
			buildConfigurationList = 44F92B021D12126A0029DC85 /* Build configuration list for PBXNativeTarget "5-02___iOS新特性之泛型UITests" */;
			buildPhases = (
				44F92AEF1D12126A0029DC85 /* Sources */,
				44F92AF01D12126A0029DC85 /* Frameworks */,
				44F92AF11D12126A0029DC85 /* Resources */,
			);
			buildRules = (
			);
			dependencies = (
				44F92AF51D12126A0029DC85 /* PBXTargetDependency */,
			);
			name = "5-02___iOS新特性之泛型UITests";
			productName = "5-02___iOS新特性之泛型UITests";
			productReference = 44F92AF31D12126A0029DC85 /* 5-02___iOS新特性之泛型UITests.xctest */;
			productType = "com.apple.product-type.bundle.ui-testing";
		};
/* End PBXNativeTarget section */

/* Begin PBXProject section */
		44F92AC71D12126A0029DC85 /* Project object */ = {
			isa = PBXProject;
			attributes = {
				LastUpgradeCheck = 0710;
				ORGANIZATIONNAME = "M-coppco";
				TargetAttributes = {
					44F92ACE1D12126A0029DC85 = {
						CreatedOnToolsVersion = 7.1;
					};
					44F92AE71D12126A0029DC85 = {
						CreatedOnToolsVersion = 7.1;
						TestTargetID = 44F92ACE1D12126A0029DC85;
					};
					44F92AF21D12126A0029DC85 = {
						CreatedOnToolsVersion = 7.1;
						TestTargetID = 44F92ACE1D12126A0029DC85;
					};
				};
			};
			buildConfigurationList = 44F92ACA1D12126A0029DC85 /* Build configuration list for PBXProject "5-02___iOS新特性之泛型" */;
			compatibilityVersion = "Xcode 3.2";
			developmentRegion = English;
			hasScannedForEncodings = 0;
			knownRegions = (
				en,
				Base,
			);
			mainGroup = 44F92AC61D12126A0029DC85;
			productRefGroup = 44F92AD01D12126A0029DC85 /* Products */;
			projectDirPath = "";
			projectRoot = "";
			targets = (
				44F92ACE1D12126A0029DC85 /* 5-02___iOS新特性之泛型 */,
				44F92AE71D12126A0029DC85 /* 5-02___iOS新特性之泛型Tests */,
				44F92AF21D12126A0029DC85 /* 5-02___iOS新特性之泛型UITests */,
			);
		};
/* End PBXProject section */

/* Begin PBXResourcesBuildPhase section */
		44F92ACD1D12126A0029DC85 /* Resources */ = {
			isa = PBXResourcesBuildPhase;
			buildActionMask = 2147483647;
			files = (
				44F92AE21D12126A0029DC85 /* LaunchScreen.storyboard in Resources */,
				44F92ADF1D12126A0029DC85 /* Assets.xcassets in Resources */,
				44F92ADD1D12126A0029DC85 /* Main.storyboard in Resources */,
			);
			runOnlyForDeploymentPostprocessing = 0;
		};
		44F92AE61D12126A0029DC85 /* Resources */ = {
			isa = PBXResourcesBuildPhase;
			buildActionMask = 2147483647;
			files = (
			);
			runOnlyForDeploymentPostprocessing = 0;
		};
		44F92AF11D12126A0029DC85 /* Resources */ = {
			isa = PBXResourcesBuildPhase;
			buildActionMask = 2147483647;
			files = (
			);
			runOnlyForDeploymentPostprocessing = 0;
		};
/* End PBXResourcesBuildPhase section */

/* Begin PBXSourcesBuildPhase section */
		44F92ACB1D12126A0029DC85 /* Sources */ = {
			isa = PBXSourcesBuildPhase;
			buildActionMask = 2147483647;
			files = (
				44F92B0A1D1213CC0029DC85 /* Language.m in Sources */,
				44F92B101D1213E60029DC85 /* Java.m in Sources */,
				44F92ADA1D12126A0029DC85 /* ViewController.m in Sources */,
				44F92B131D121AF20029DC85 /* Student.m in Sources */,
				44F92AD71D12126A0029DC85 /* AppDelegate.m in Sources */,
				44F92B0D1D1213D90029DC85 /* iOS.m in Sources */,
				44F92B071D1213BE0029DC85 /* Person.m in Sources */,
				44F92AD41D12126A0029DC85 /* main.m in Sources */,
			);
			runOnlyForDeploymentPostprocessing = 0;
		};
		44F92AE41D12126A0029DC85 /* Sources */ = {
			isa = PBXSourcesBuildPhase;
			buildActionMask = 2147483647;
			files = (
				44F92AED1D12126A0029DC85 /* __02___iOS______Tests.m in Sources */,
			);
			runOnlyForDeploymentPostprocessing = 0;
		};
		44F92AEF1D12126A0029DC85 /* Sources */ = {
			isa = PBXSourcesBuildPhase;
			buildActionMask = 2147483647;
			files = (
				44F92AF81D12126A0029DC85 /* __02___iOS______UITests.m in Sources */,
			);
			runOnlyForDeploymentPostprocessing = 0;
		};
/* End PBXSourcesBuildPhase section */

/* Begin PBXTargetDependency section */
		44F92AEA1D12126A0029DC85 /* PBXTargetDependency */ = {
			isa = PBXTargetDependency;
			target = 44F92ACE1D12126A0029DC85 /* 5-02___iOS新特性之泛型 */;
			targetProxy = 44F92AE91D12126A0029DC85 /* PBXContainerItemProxy */;
		};
		44F92AF51D12126A0029DC85 /* PBXTargetDependency */ = {
			isa = PBXTargetDependency;
			target = 44F92ACE1D12126A0029DC85 /* 5-02___iOS新特性之泛型 */;
			targetProxy = 44F92AF41D12126A0029DC85 /* PBXContainerItemProxy */;
		};
/* End PBXTargetDependency section */

/* Begin PBXVariantGroup section */
		44F92ADB1D12126A0029DC85 /* Main.storyboard */ = {
			isa = PBXVariantGroup;
			children = (
				44F92ADC1D12126A0029DC85 /* Base */,
			);
			name = Main.storyboard;
			sourceTree = "<group>";
		};
		44F92AE01D12126A0029DC85 /* LaunchScreen.storyboard */ = {
			isa = PBXVariantGroup;
			children = (
				44F92AE11D12126A0029DC85 /* Base */,
			);
			name = LaunchScreen.storyboard;
			sourceTree = "<group>";
		};
/* End PBXVariantGroup section */

/* Begin XCBuildConfiguration section */
		44F92AFA1D12126A0029DC85 /* Debug */ = {
			isa = XCBuildConfiguration;
			buildSettings = {
				ALWAYS_SEARCH_USER_PATHS = NO;
				CLANG_CXX_LANGUAGE_STANDARD = "gnu++0x";
				CLANG_CXX_LIBRARY = "libc++";
				CLANG_ENABLE_MODULES = YES;
				CLANG_ENABLE_OBJC_ARC = YES;
				CLANG_WARN_BOOL_CONVERSION = YES;
				CLANG_WARN_CONSTANT_CONVERSION = YES;
				CLANG_WARN_DIRECT_OBJC_ISA_USAGE = YES_ERROR;
				CLANG_WARN_EMPTY_BODY = YES;
				CLANG_WARN_ENUM_CONVERSION = YES;
				CLANG_WARN_INT_CONVERSION = YES;
				CLANG_WARN_OBJC_ROOT_CLASS = YES_ERROR;
				CLANG_WARN_UNREACHABLE_CODE = YES;
				CLANG_WARN__DUPLICATE_METHOD_MATCH = YES;
				"CODE_SIGN_IDENTITY[sdk=iphoneos*]" = "iPhone Developer";
				COPY_PHASE_STRIP = NO;
				DEBUG_INFORMATION_FORMAT = dwarf;
				ENABLE_STRICT_OBJC_MSGSEND = YES;
				ENABLE_TESTABILITY = YES;
				GCC_C_LANGUAGE_STANDARD = gnu99;
				GCC_DYNAMIC_NO_PIC = NO;
				GCC_NO_COMMON_BLOCKS = YES;
				GCC_OPTIMIZATION_LEVEL = 0;
				GCC_PREPROCESSOR_DEFINITIONS = (
					"DEBUG=1",
					"$(inherited)",
				);
				GCC_WARN_64_TO_32_BIT_CONVERSION = YES;
				GCC_WARN_ABOUT_RETURN_TYPE = YES_ERROR;
				GCC_WARN_UNDECLARED_SELECTOR = YES;
				GCC_WARN_UNINITIALIZED_AUTOS = YES_AGGRESSIVE;
				GCC_WARN_UNUSED_FUNCTION = YES;
				GCC_WARN_UNUSED_VARIABLE = YES;
				IPHONEOS_DEPLOYMENT_TARGET = 9.1;
				MTL_ENABLE_DEBUG_INFO = YES;
				ONLY_ACTIVE_ARCH = YES;
				SDKROOT = iphoneos;
				TARGETED_DEVICE_FAMILY = "1,2";
			};
			name = Debug;
		};
		44F92AFB1D12126A0029DC85 /* Release */ = {
			isa = XCBuildConfiguration;
			buildSettings = {
				ALWAYS_SEARCH_USER_PATHS = NO;
				CLANG_CXX_LANGUAGE_STANDARD = "gnu++0x";
				CLANG_CXX_LIBRARY = "libc++";
				CLANG_ENABLE_MODULES = YES;
				CLANG_ENABLE_OBJC_ARC = YES;
				CLANG_WARN_BOOL_CONVERSION = YES;
				CLANG_WARN_CONSTANT_CONVERSION = YES;
				CLANG_WARN_DIRECT_OBJC_ISA_USAGE = YES_ERROR;
				CLANG_WARN_EMPTY_BODY = YES;
				CLANG_WARN_ENUM_CONVERSION = YES;
				CLANG_WARN_INT_CONVERSION = YES;
				CLANG_WARN_OBJC_ROOT_CLASS = YES_ERROR;
				CLANG_WARN_UNREACHABLE_CODE = YES;
				CLANG_WARN__DUPLICATE_METHOD_MATCH = YES;
				"CODE_SIGN_IDENTITY[sdk=iphoneos*]" = "iPhone Developer";
				COPY_PHASE_STRIP = NO;
				DEBUG_INFORMATION_FORMAT = "dwarf-with-dsym";
				ENABLE_NS_ASSERTIONS = NO;
				ENABLE_STRICT_OBJC_MSGSEND = YES;
				GCC_C_LANGUAGE_STANDARD = gnu99;
				GCC_NO_COMMON_BLOCKS = YES;
				GCC_WARN_64_TO_32_BIT_CONVERSION = YES;
				GCC_WARN_ABOUT_RETURN_TYPE = YES_ERROR;
				GCC_WARN_UNDECLARED_SELECTOR = YES;
				GCC_WARN_UNINITIALIZED_AUTOS = YES_AGGRESSIVE;
				GCC_WARN_UNUSED_FUNCTION = YES;
				GCC_WARN_UNUSED_VARIABLE = YES;
				IPHONEOS_DEPLOYMENT_TARGET = 9.1;
				MTL_ENABLE_DEBUG_INFO = NO;
				SDKROOT = iphoneos;
				TARGETED_DEVICE_FAMILY = "1,2";
				VALIDATE_PRODUCT = YES;
			};
			name = Release;
		};
		44F92AFD1D12126A0029DC85 /* Debug */ = {
			isa = XCBuildConfiguration;
			buildSettings = {
				ASSETCATALOG_COMPILER_APPICON_NAME = AppIcon;
				INFOPLIST_FILE = "5-02___iOS新特性之泛型/Info.plist";
				LD_RUNPATH_SEARCH_PATHS = "$(inherited) @executable_path/Frameworks";
				PRODUCT_BUNDLE_IDENTIFIER = "M-coppco.--02---iOS------";
				PRODUCT_NAME = "$(TARGET_NAME)";
			};
			name = Debug;
		};
		44F92AFE1D12126A0029DC85 /* Release */ = {
			isa = XCBuildConfiguration;
			buildSettings = {
				ASSETCATALOG_COMPILER_APPICON_NAME = AppIcon;
				INFOPLIST_FILE = "5-02___iOS新特性之泛型/Info.plist";
				LD_RUNPATH_SEARCH_PATHS = "$(inherited) @executable_path/Frameworks";
				PRODUCT_BUNDLE_IDENTIFIER = "M-coppco.--02---iOS------";
				PRODUCT_NAME = "$(TARGET_NAME)";
			};
			name = Release;
		};
		44F92B001D12126A0029DC85 /* Debug */ = {
			isa = XCBuildConfiguration;
			buildSettings = {
				BUNDLE_LOADER = "$(TEST_HOST)";
				INFOPLIST_FILE = "5-02___iOS新特性之泛型Tests/Info.plist";
				LD_RUNPATH_SEARCH_PATHS = "$(inherited) @executable_path/Frameworks @loader_path/Frameworks";
				PRODUCT_BUNDLE_IDENTIFIER = "M-coppco.--02---iOS------Tests";
				PRODUCT_NAME = "$(TARGET_NAME)";
				TEST_HOST = "$(BUILT_PRODUCTS_DIR)/5-02___iOS新特性之泛型.app/5-02___iOS新特性之泛型";
			};
			name = Debug;
		};
		44F92B011D12126A0029DC85 /* Release */ = {
			isa = XCBuildConfiguration;
			buildSettings = {
				BUNDLE_LOADER = "$(TEST_HOST)";
				INFOPLIST_FILE = "5-02___iOS新特性之泛型Tests/Info.plist";
				LD_RUNPATH_SEARCH_PATHS = "$(inherited) @executable_path/Frameworks @loader_path/Frameworks";
				PRODUCT_BUNDLE_IDENTIFIER = "M-coppco.--02---iOS------Tests";
				PRODUCT_NAME = "$(TARGET_NAME)";
				TEST_HOST = "$(BUILT_PRODUCTS_DIR)/5-02___iOS新特性之泛型.app/5-02___iOS新特性之泛型";
			};
			name = Release;
		};
		44F92B031D12126A0029DC85 /* Debug */ = {
			isa = XCBuildConfiguration;
			buildSettings = {
				INFOPLIST_FILE = "5-02___iOS新特性之泛型UITests/Info.plist";
				LD_RUNPATH_SEARCH_PATHS = "$(inherited) @executable_path/Frameworks @loader_path/Frameworks";
				PRODUCT_BUNDLE_IDENTIFIER = "M-coppco.--02---iOS------UITests";
				PRODUCT_NAME = "$(TARGET_NAME)";
				TEST_TARGET_NAME = "5-02___iOS新特性之泛型";
				USES_XCTRUNNER = YES;
			};
			name = Debug;
		};
		44F92B041D12126A0029DC85 /* Release */ = {
			isa = XCBuildConfiguration;
			buildSettings = {
				INFOPLIST_FILE = "5-02___iOS新特性之泛型UITests/Info.plist";
				LD_RUNPATH_SEARCH_PATHS = "$(inherited) @executable_path/Frameworks @loader_path/Frameworks";
				PRODUCT_BUNDLE_IDENTIFIER = "M-coppco.--02---iOS------UITests";
				PRODUCT_NAME = "$(TARGET_NAME)";
				TEST_TARGET_NAME = "5-02___iOS新特性之泛型";
				USES_XCTRUNNER = YES;
			};
			name = Release;
		};
/* End XCBuildConfiguration section */

/* Begin XCConfigurationList section */
		44F92ACA1D12126A0029DC85 /* Build configuration list for PBXProject "5-02___iOS新特性之泛型" */ = {
			isa = XCConfigurationList;
			buildConfigurations = (
				44F92AFA1D12126A0029DC85 /* Debug */,
				44F92AFB1D12126A0029DC85 /* Release */,
			);
			defaultConfigurationIsVisible = 0;
			defaultConfigurationName = Release;
		};
		44F92AFC1D12126A0029DC85 /* Build configuration list for PBXNativeTarget "5-02___iOS新特性之泛型" */ = {
			isa = XCConfigurationList;
			buildConfigurations = (
				44F92AFD1D12126A0029DC85 /* Debug */,
				44F92AFE1D12126A0029DC85 /* Release */,
			);
			defaultConfigurationIsVisible = 0;
		};
		44F92AFF1D12126A0029DC85 /* Build configuration list for PBXNativeTarget "5-02___iOS新特性之泛型Tests" */ = {
			isa = XCConfigurationList;
			buildConfigurations = (
				44F92B001D12126A0029DC85 /* Debug */,
				44F92B011D12126A0029DC85 /* Release */,
			);
			defaultConfigurationIsVisible = 0;
		};
		44F92B021D12126A0029DC85 /* Build configuration list for PBXNativeTarget "5-02___iOS新特性之泛型UITests" */ = {
			isa = XCConfigurationList;
			buildConfigurations = (
				44F92B031D12126A0029DC85 /* Debug */,
				44F92B041D12126A0029DC85 /* Release */,
			);
			defaultConfigurationIsVisible = 0;
		};
/* End XCConfigurationList section */
	};
	rootObject = 44F92AC71D12126A0029DC85 /* Project object */;
}
