// !$*UTF8*$!
{
	archiveVersion = 1;
	classes = {
	};
	objectVersion = 46;
	objects = {

/* Begin PBXBuildFile section */
		444462901CA56EFA00FEC7DB /* main.m in Sources */ = {isa = PBXBuildFile; fileRef = 4444628F1CA56EFA00FEC7DB /* main.m */; };
		444462931CA56EFA00FEC7DB /* AppDelegate.m in Sources */ = {isa = PBXBuildFile; fileRef = 444462921CA56EFA00FEC7DB /* AppDelegate.m */; };
		444462961CA56EFA00FEC7DB /* ViewController.m in Sources */ = {isa = PBXBuildFile; fileRef = 444462951CA56EFA00FEC7DB /* ViewController.m */; };
		444462991CA56EFA00FEC7DB /* Main.storyboard in Resources */ = {isa = PBXBuildFile; fileRef = 444462971CA56EFA00FEC7DB /* Main.storyboard */; };
		4444629B1CA56EFA00FEC7DB /* Assets.xcassets in Resources */ = {isa = PBXBuildFile; fileRef = 4444629A1CA56EFA00FEC7DB /* Assets.xcassets */; };
		4444629E1CA56EFA00FEC7DB /* LaunchScreen.storyboard in Resources */ = {isa = PBXBuildFile; fileRef = 4444629C1CA56EFA00FEC7DB /* LaunchScreen.storyboard */; };
		444462A91CA56EFB00FEC7DB /* _6_____Tests.m in Sources */ = {isa = PBXBuildFile; fileRef = 444462A81CA56EFB00FEC7DB /* _6_____Tests.m */; };
		444462B41CA56EFB00FEC7DB /* _6_____UITests.m in Sources */ = {isa = PBXBuildFile; fileRef = 444462B31CA56EFB00FEC7DB /* _6_____UITests.m */; };
		444462C31CA56F7600FEC7DB /* HJDrawController.m in Sources */ = {isa = PBXBuildFile; fileRef = 444462C21CA56F7600FEC7DB /* HJDrawController.m */; };
/* End PBXBuildFile section */

/* Begin PBXContainerItemProxy section */
		444462A51CA56EFB00FEC7DB /* PBXContainerItemProxy */ = {
			isa = PBXContainerItemProxy;
			containerPortal = 444462831CA56EFA00FEC7DB /* Project object */;
			proxyType = 1;
			remoteGlobalIDString = 4444628A1CA56EFA00FEC7DB;
			remoteInfo = "06-抽屉效果";
		};
		444462B01CA56EFB00FEC7DB /* PBXContainerItemProxy */ = {
			isa = PBXContainerItemProxy;
			containerPortal = 444462831CA56EFA00FEC7DB /* Project object */;
			proxyType = 1;
			remoteGlobalIDString = 4444628A1CA56EFA00FEC7DB;
			remoteInfo = "06-抽屉效果";
		};
/* End PBXContainerItemProxy section */

/* Begin PBXFileReference section */
		4444628B1CA56EFA00FEC7DB /* 06-抽屉效果.app */ = {isa = PBXFileReference; explicitFileType = wrapper.application; includeInIndex = 0; path = "06-抽屉效果.app"; sourceTree = BUILT_PRODUCTS_DIR; };
		4444628F1CA56EFA00FEC7DB /* main.m */ = {isa = PBXFileReference; lastKnownFileType = sourcecode.c.objc; path = main.m; sourceTree = "<group>"; };
		444462911CA56EFA00FEC7DB /* AppDelegate.h */ = {isa = PBXFileReference; lastKnownFileType = sourcecode.c.h; path = AppDelegate.h; sourceTree = "<group>"; };
		444462921CA56EFA00FEC7DB /* AppDelegate.m */ = {isa = PBXFileReference; lastKnownFileType = sourcecode.c.objc; path = AppDelegate.m; sourceTree = "<group>"; };
		444462941CA56EFA00FEC7DB /* ViewController.h */ = {isa = PBXFileReference; lastKnownFileType = sourcecode.c.h; path = ViewController.h; sourceTree = "<group>"; };
		444462951CA56EFA00FEC7DB /* ViewController.m */ = {isa = PBXFileReference; lastKnownFileType = sourcecode.c.objc; path = ViewController.m; sourceTree = "<group>"; };
		444462981CA56EFA00FEC7DB /* Base */ = {isa = PBXFileReference; lastKnownFileType = file.storyboard; name = Base; path = Base.lproj/Main.storyboard; sourceTree = "<group>"; };
		4444629A1CA56EFA00FEC7DB /* Assets.xcassets */ = {isa = PBXFileReference; lastKnownFileType = folder.assetcatalog; path = Assets.xcassets; sourceTree = "<group>"; };
		4444629D1CA56EFA00FEC7DB /* Base */ = {isa = PBXFileReference; lastKnownFileType = file.storyboard; name = Base; path = Base.lproj/LaunchScreen.storyboard; sourceTree = "<group>"; };
		4444629F1CA56EFA00FEC7DB /* Info.plist */ = {isa = PBXFileReference; lastKnownFileType = text.plist.xml; path = Info.plist; sourceTree = "<group>"; };
		444462A41CA56EFB00FEC7DB /* 06-抽屉效果Tests.xctest */ = {isa = PBXFileReference; explicitFileType = wrapper.cfbundle; includeInIndex = 0; path = "06-抽屉效果Tests.xctest"; sourceTree = BUILT_PRODUCTS_DIR; };
		444462A81CA56EFB00FEC7DB /* _6_____Tests.m */ = {isa = PBXFileReference; lastKnownFileType = sourcecode.c.objc; path = "_6_____Tests.m"; sourceTree = "<group>"; };
		444462AA1CA56EFB00FEC7DB /* Info.plist */ = {isa = PBXFileReference; lastKnownFileType = text.plist.xml; path = Info.plist; sourceTree = "<group>"; };
		444462AF1CA56EFB00FEC7DB /* 06-抽屉效果UITests.xctest */ = {isa = PBXFileReference; explicitFileType = wrapper.cfbundle; includeInIndex = 0; path = "06-抽屉效果UITests.xctest"; sourceTree = BUILT_PRODUCTS_DIR; };
		444462B31CA56EFB00FEC7DB /* _6_____UITests.m */ = {isa = PBXFileReference; lastKnownFileType = sourcecode.c.objc; path = "_6_____UITests.m"; sourceTree = "<group>"; };
		444462B51CA56EFB00FEC7DB /* Info.plist */ = {isa = PBXFileReference; lastKnownFileType = text.plist.xml; path = Info.plist; sourceTree = "<group>"; };
		444462C11CA56F7600FEC7DB /* HJDrawController.h */ = {isa = PBXFileReference; fileEncoding = 4; lastKnownFileType = sourcecode.c.h; path = HJDrawController.h; sourceTree = "<group>"; };
		444462C21CA56F7600FEC7DB /* HJDrawController.m */ = {isa = PBXFileReference; fileEncoding = 4; lastKnownFileType = sourcecode.c.objc; path = HJDrawController.m; sourceTree = "<group>"; };
/* End PBXFileReference section */

/* Begin PBXFrameworksBuildPhase section */
		444462881CA56EFA00FEC7DB /* Frameworks */ = {
			isa = PBXFrameworksBuildPhase;
			buildActionMask = 2147483647;
			files = (
			);
			runOnlyForDeploymentPostprocessing = 0;
		};
		444462A11CA56EFA00FEC7DB /* Frameworks */ = {
			isa = PBXFrameworksBuildPhase;
			buildActionMask = 2147483647;
			files = (
			);
			runOnlyForDeploymentPostprocessing = 0;
		};
		444462AC1CA56EFB00FEC7DB /* Frameworks */ = {
			isa = PBXFrameworksBuildPhase;
			buildActionMask = 2147483647;
			files = (
			);
			runOnlyForDeploymentPostprocessing = 0;
		};
/* End PBXFrameworksBuildPhase section */

/* Begin PBXGroup section */
		444462821CA56EFA00FEC7DB = {
			isa = PBXGroup;
			children = (
				4444628D1CA56EFA00FEC7DB /* 06-抽屉效果 */,
				444462A71CA56EFB00FEC7DB /* 06-抽屉效果Tests */,
				444462B21CA56EFB00FEC7DB /* 06-抽屉效果UITests */,
				4444628C1CA56EFA00FEC7DB /* Products */,
			);
			sourceTree = "<group>";
		};
		4444628C1CA56EFA00FEC7DB /* Products */ = {
			isa = PBXGroup;
			children = (
				4444628B1CA56EFA00FEC7DB /* 06-抽屉效果.app */,
				444462A41CA56EFB00FEC7DB /* 06-抽屉效果Tests.xctest */,
				444462AF1CA56EFB00FEC7DB /* 06-抽屉效果UITests.xctest */,
			);
			name = Products;
			sourceTree = "<group>";
		};
		4444628D1CA56EFA00FEC7DB /* 06-抽屉效果 */ = {
			isa = PBXGroup;
			children = (
				444462911CA56EFA00FEC7DB /* AppDelegate.h */,
				444462921CA56EFA00FEC7DB /* AppDelegate.m */,
				444462941CA56EFA00FEC7DB /* ViewController.h */,
				444462951CA56EFA00FEC7DB /* ViewController.m */,
				444462971CA56EFA00FEC7DB /* Main.storyboard */,
				4444629A1CA56EFA00FEC7DB /* Assets.xcassets */,
				4444629C1CA56EFA00FEC7DB /* LaunchScreen.storyboard */,
				4444629F1CA56EFA00FEC7DB /* Info.plist */,
				4444628E1CA56EFA00FEC7DB /* Supporting Files */,
				444462C11CA56F7600FEC7DB /* HJDrawController.h */,
				444462C21CA56F7600FEC7DB /* HJDrawController.m */,
			);
			path = "06-抽屉效果";
			sourceTree = "<group>";
		};
		4444628E1CA56EFA00FEC7DB /* Supporting Files */ = {
			isa = PBXGroup;
			children = (
				4444628F1CA56EFA00FEC7DB /* main.m */,
			);
			name = "Supporting Files";
			sourceTree = "<group>";
		};
		444462A71CA56EFB00FEC7DB /* 06-抽屉效果Tests */ = {
			isa = PBXGroup;
			children = (
				444462A81CA56EFB00FEC7DB /* _6_____Tests.m */,
				444462AA1CA56EFB00FEC7DB /* Info.plist */,
			);
			path = "06-抽屉效果Tests";
			sourceTree = "<group>";
		};
		444462B21CA56EFB00FEC7DB /* 06-抽屉效果UITests */ = {
			isa = PBXGroup;
			children = (
				444462B31CA56EFB00FEC7DB /* _6_____UITests.m */,
				444462B51CA56EFB00FEC7DB /* Info.plist */,
			);
			path = "06-抽屉效果UITests";
			sourceTree = "<group>";
		};
/* End PBXGroup section */

/* Begin PBXNativeTarget section */
		4444628A1CA56EFA00FEC7DB /* 06-抽屉效果 */ = {
			isa = PBXNativeTarget;
			buildConfigurationList = 444462B81CA56EFB00FEC7DB /* Build configuration list for PBXNativeTarget "06-抽屉效果" */;
			buildPhases = (
				444462871CA56EFA00FEC7DB /* Sources */,
				444462881CA56EFA00FEC7DB /* Frameworks */,
				444462891CA56EFA00FEC7DB /* Resources */,
			);
			buildRules = (
			);
			dependencies = (
			);
			name = "06-抽屉效果";
			productName = "06-抽屉效果";
			productReference = 4444628B1CA56EFA00FEC7DB /* 06-抽屉效果.app */;
			productType = "com.apple.product-type.application";
		};
		444462A31CA56EFA00FEC7DB /* 06-抽屉效果Tests */ = {
			isa = PBXNativeTarget;
			buildConfigurationList = 444462BB1CA56EFB00FEC7DB /* Build configuration list for PBXNativeTarget "06-抽屉效果Tests" */;
			buildPhases = (
				444462A01CA56EFA00FEC7DB /* Sources */,
				444462A11CA56EFA00FEC7DB /* Frameworks */,
				444462A21CA56EFA00FEC7DB /* Resources */,
			);
			buildRules = (
			);
			dependencies = (
				444462A61CA56EFB00FEC7DB /* PBXTargetDependency */,
			);
			name = "06-抽屉效果Tests";
			productName = "06-抽屉效果Tests";
			productReference = 444462A41CA56EFB00FEC7DB /* 06-抽屉效果Tests.xctest */;
			productType = "com.apple.product-type.bundle.unit-test";
		};
		444462AE1CA56EFB00FEC7DB /* 06-抽屉效果UITests */ = {
			isa = PBXNativeTarget;
			buildConfigurationList = 444462BE1CA56EFB00FEC7DB /* Build configuration list for PBXNativeTarget "06-抽屉效果UITests" */;
			buildPhases = (
				444462AB1CA56EFB00FEC7DB /* Sources */,
				444462AC1CA56EFB00FEC7DB /* Frameworks */,
				444462AD1CA56EFB00FEC7DB /* Resources */,
			);
			buildRules = (
			);
			dependencies = (
				444462B11CA56EFB00FEC7DB /* PBXTargetDependency */,
			);
			name = "06-抽屉效果UITests";
			productName = "06-抽屉效果UITests";
			productReference = 444462AF1CA56EFB00FEC7DB /* 06-抽屉效果UITests.xctest */;
			productType = "com.apple.product-type.bundle.ui-testing";
		};
/* End PBXNativeTarget section */

/* Begin PBXProject section */
		444462831CA56EFA00FEC7DB /* Project object */ = {
			isa = PBXProject;
			attributes = {
				LastUpgradeCheck = 0710;
				ORGANIZATIONNAME = "M-coppco";
				TargetAttributes = {
					4444628A1CA56EFA00FEC7DB = {
						CreatedOnToolsVersion = 7.1;
					};
					444462A31CA56EFA00FEC7DB = {
						CreatedOnToolsVersion = 7.1;
						TestTargetID = 4444628A1CA56EFA00FEC7DB;
					};
					444462AE1CA56EFB00FEC7DB = {
						CreatedOnToolsVersion = 7.1;
						TestTargetID = 4444628A1CA56EFA00FEC7DB;
					};
				};
			};
			buildConfigurationList = 444462861CA56EFA00FEC7DB /* Build configuration list for PBXProject "06-抽屉效果" */;
			compatibilityVersion = "Xcode 3.2";
			developmentRegion = English;
			hasScannedForEncodings = 0;
			knownRegions = (
				en,
				Base,
			);
			mainGroup = 444462821CA56EFA00FEC7DB;
			productRefGroup = 4444628C1CA56EFA00FEC7DB /* Products */;
			projectDirPath = "";
			projectRoot = "";
			targets = (
				4444628A1CA56EFA00FEC7DB /* 06-抽屉效果 */,
				444462A31CA56EFA00FEC7DB /* 06-抽屉效果Tests */,
				444462AE1CA56EFB00FEC7DB /* 06-抽屉效果UITests */,
			);
		};
/* End PBXProject section */

/* Begin PBXResourcesBuildPhase section */
		444462891CA56EFA00FEC7DB /* Resources */ = {
			isa = PBXResourcesBuildPhase;
			buildActionMask = 2147483647;
			files = (
				4444629E1CA56EFA00FEC7DB /* LaunchScreen.storyboard in Resources */,
				4444629B1CA56EFA00FEC7DB /* Assets.xcassets in Resources */,
				444462991CA56EFA00FEC7DB /* Main.storyboard in Resources */,
			);
			runOnlyForDeploymentPostprocessing = 0;
		};
		444462A21CA56EFA00FEC7DB /* Resources */ = {
			isa = PBXResourcesBuildPhase;
			buildActionMask = 2147483647;
			files = (
			);
			runOnlyForDeploymentPostprocessing = 0;
		};
		444462AD1CA56EFB00FEC7DB /* Resources */ = {
			isa = PBXResourcesBuildPhase;
			buildActionMask = 2147483647;
			files = (
			);
			runOnlyForDeploymentPostprocessing = 0;
		};
/* End PBXResourcesBuildPhase section */

/* Begin PBXSourcesBuildPhase section */
		444462871CA56EFA00FEC7DB /* Sources */ = {
			isa = PBXSourcesBuildPhase;
			buildActionMask = 2147483647;
			files = (
				444462961CA56EFA00FEC7DB /* ViewController.m in Sources */,
				444462C31CA56F7600FEC7DB /* HJDrawController.m in Sources */,
				444462931CA56EFA00FEC7DB /* AppDelegate.m in Sources */,
				444462901CA56EFA00FEC7DB /* main.m in Sources */,
			);
			runOnlyForDeploymentPostprocessing = 0;
		};
		444462A01CA56EFA00FEC7DB /* Sources */ = {
			isa = PBXSourcesBuildPhase;
			buildActionMask = 2147483647;
			files = (
				444462A91CA56EFB00FEC7DB /* _6_____Tests.m in Sources */,
			);
			runOnlyForDeploymentPostprocessing = 0;
		};
		444462AB1CA56EFB00FEC7DB /* Sources */ = {
			isa = PBXSourcesBuildPhase;
			buildActionMask = 2147483647;
			files = (
				444462B41CA56EFB00FEC7DB /* _6_____UITests.m in Sources */,
			);
			runOnlyForDeploymentPostprocessing = 0;
		};
/* End PBXSourcesBuildPhase section */

/* Begin PBXTargetDependency section */
		444462A61CA56EFB00FEC7DB /* PBXTargetDependency */ = {
			isa = PBXTargetDependency;
			target = 4444628A1CA56EFA00FEC7DB /* 06-抽屉效果 */;
			targetProxy = 444462A51CA56EFB00FEC7DB /* PBXContainerItemProxy */;
		};
		444462B11CA56EFB00FEC7DB /* PBXTargetDependency */ = {
			isa = PBXTargetDependency;
			target = 4444628A1CA56EFA00FEC7DB /* 06-抽屉效果 */;
			targetProxy = 444462B01CA56EFB00FEC7DB /* PBXContainerItemProxy */;
		};
/* End PBXTargetDependency section */

/* Begin PBXVariantGroup section */
		444462971CA56EFA00FEC7DB /* Main.storyboard */ = {
			isa = PBXVariantGroup;
			children = (
				444462981CA56EFA00FEC7DB /* Base */,
			);
			name = Main.storyboard;
			sourceTree = "<group>";
		};
		4444629C1CA56EFA00FEC7DB /* LaunchScreen.storyboard */ = {
			isa = PBXVariantGroup;
			children = (
				4444629D1CA56EFA00FEC7DB /* Base */,
			);
			name = LaunchScreen.storyboard;
			sourceTree = "<group>";
		};
/* End PBXVariantGroup section */

/* Begin XCBuildConfiguration section */
		444462B61CA56EFB00FEC7DB /* Debug */ = {
			isa = XCBuildConfiguration;
			buildSettings = {
				ALWAYS_SEARCH_USER_PATHS = NO;
				CLANG_CXX_LANGUAGE_STANDARD = "gnu++0x";
				CLANG_CXX_LIBRARY = "libc++";
				CLANG_ENABLE_MODULES = YES;
				CLANG_ENABLE_OBJC_ARC = YES;
				CLANG_WARN_BOOL_CONVERSION = YES;
				CLANG_WARN_CONSTANT_CONVERSION = YES;
				CLANG_WARN_DIRECT_OBJC_ISA_USAGE = YES_ERROR;
				CLANG_WARN_EMPTY_BODY = YES;
				CLANG_WARN_ENUM_CONVERSION = YES;
				CLANG_WARN_INT_CONVERSION = YES;
				CLANG_WARN_OBJC_ROOT_CLASS = YES_ERROR;
				CLANG_WARN_UNREACHABLE_CODE = YES;
				CLANG_WARN__DUPLICATE_METHOD_MATCH = YES;
				"CODE_SIGN_IDENTITY[sdk=iphoneos*]" = "iPhone Developer";
				COPY_PHASE_STRIP = NO;
				DEBUG_INFORMATION_FORMAT = dwarf;
				ENABLE_STRICT_OBJC_MSGSEND = YES;
				ENABLE_TESTABILITY = YES;
				GCC_C_LANGUAGE_STANDARD = gnu99;
				GCC_DYNAMIC_NO_PIC = NO;
				GCC_NO_COMMON_BLOCKS = YES;
				GCC_OPTIMIZATION_LEVEL = 0;
				GCC_PREPROCESSOR_DEFINITIONS = (
					"DEBUG=1",
					"$(inherited)",
				);
				GCC_WARN_64_TO_32_BIT_CONVERSION = YES;
				GCC_WARN_ABOUT_RETURN_TYPE = YES_ERROR;
				GCC_WARN_UNDECLARED_SELECTOR = YES;
				GCC_WARN_UNINITIALIZED_AUTOS = YES_AGGRESSIVE;
				GCC_WARN_UNUSED_FUNCTION = YES;
				GCC_WARN_UNUSED_VARIABLE = YES;
				IPHONEOS_DEPLOYMENT_TARGET = 9.1;
				MTL_ENABLE_DEBUG_INFO = YES;
				ONLY_ACTIVE_ARCH = YES;
				SDKROOT = iphoneos;
				TARGETED_DEVICE_FAMILY = "1,2";
			};
			name = Debug;
		};
		444462B71CA56EFB00FEC7DB /* Release */ = {
			isa = XCBuildConfiguration;
			buildSettings = {
				ALWAYS_SEARCH_USER_PATHS = NO;
				CLANG_CXX_LANGUAGE_STANDARD = "gnu++0x";
				CLANG_CXX_LIBRARY = "libc++";
				CLANG_ENABLE_MODULES = YES;
				CLANG_ENABLE_OBJC_ARC = YES;
				CLANG_WARN_BOOL_CONVERSION = YES;
				CLANG_WARN_CONSTANT_CONVERSION = YES;
				CLANG_WARN_DIRECT_OBJC_ISA_USAGE = YES_ERROR;
				CLANG_WARN_EMPTY_BODY = YES;
				CLANG_WARN_ENUM_CONVERSION = YES;
				CLANG_WARN_INT_CONVERSION = YES;
				CLANG_WARN_OBJC_ROOT_CLASS = YES_ERROR;
				CLANG_WARN_UNREACHABLE_CODE = YES;
				CLANG_WARN__DUPLICATE_METHOD_MATCH = YES;
				"CODE_SIGN_IDENTITY[sdk=iphoneos*]" = "iPhone Developer";
				COPY_PHASE_STRIP = NO;
				DEBUG_INFORMATION_FORMAT = "dwarf-with-dsym";
				ENABLE_NS_ASSERTIONS = NO;
				ENABLE_STRICT_OBJC_MSGSEND = YES;
				GCC_C_LANGUAGE_STANDARD = gnu99;
				GCC_NO_COMMON_BLOCKS = YES;
				GCC_WARN_64_TO_32_BIT_CONVERSION = YES;
				GCC_WARN_ABOUT_RETURN_TYPE = YES_ERROR;
				GCC_WARN_UNDECLARED_SELECTOR = YES;
				GCC_WARN_UNINITIALIZED_AUTOS = YES_AGGRESSIVE;
				GCC_WARN_UNUSED_FUNCTION = YES;
				GCC_WARN_UNUSED_VARIABLE = YES;
				IPHONEOS_DEPLOYMENT_TARGET = 9.1;
				MTL_ENABLE_DEBUG_INFO = NO;
				SDKROOT = iphoneos;
				TARGETED_DEVICE_FAMILY = "1,2";
				VALIDATE_PRODUCT = YES;
			};
			name = Release;
		};
		444462B91CA56EFB00FEC7DB /* Debug */ = {
			isa = XCBuildConfiguration;
			buildSettings = {
				ASSETCATALOG_COMPILER_APPICON_NAME = AppIcon;
				INFOPLIST_FILE = "06-抽屉效果/Info.plist";
				LD_RUNPATH_SEARCH_PATHS = "$(inherited) @executable_path/Frameworks";
				PRODUCT_BUNDLE_IDENTIFIER = "M-coppco.-6-----";
				PRODUCT_NAME = "$(TARGET_NAME)";
			};
			name = Debug;
		};
		444462BA1CA56EFB00FEC7DB /* Release */ = {
			isa = XCBuildConfiguration;
			buildSettings = {
				ASSETCATALOG_COMPILER_APPICON_NAME = AppIcon;
				INFOPLIST_FILE = "06-抽屉效果/Info.plist";
				LD_RUNPATH_SEARCH_PATHS = "$(inherited) @executable_path/Frameworks";
				PRODUCT_BUNDLE_IDENTIFIER = "M-coppco.-6-----";
				PRODUCT_NAME = "$(TARGET_NAME)";
			};
			name = Release;
		};
		444462BC1CA56EFB00FEC7DB /* Debug */ = {
			isa = XCBuildConfiguration;
			buildSettings = {
				BUNDLE_LOADER = "$(TEST_HOST)";
				INFOPLIST_FILE = "06-抽屉效果Tests/Info.plist";
				LD_RUNPATH_SEARCH_PATHS = "$(inherited) @executable_path/Frameworks @loader_path/Frameworks";
				PRODUCT_BUNDLE_IDENTIFIER = "M-coppco.-6-----Tests";
				PRODUCT_NAME = "$(TARGET_NAME)";
				TEST_HOST = "$(BUILT_PRODUCTS_DIR)/06-抽屉效果.app/06-抽屉效果";
			};
			name = Debug;
		};
		444462BD1CA56EFB00FEC7DB /* Release */ = {
			isa = XCBuildConfiguration;
			buildSettings = {
				BUNDLE_LOADER = "$(TEST_HOST)";
				INFOPLIST_FILE = "06-抽屉效果Tests/Info.plist";
				LD_RUNPATH_SEARCH_PATHS = "$(inherited) @executable_path/Frameworks @loader_path/Frameworks";
				PRODUCT_BUNDLE_IDENTIFIER = "M-coppco.-6-----Tests";
				PRODUCT_NAME = "$(TARGET_NAME)";
				TEST_HOST = "$(BUILT_PRODUCTS_DIR)/06-抽屉效果.app/06-抽屉效果";
			};
			name = Release;
		};
		444462BF1CA56EFB00FEC7DB /* Debug */ = {
			isa = XCBuildConfiguration;
			buildSettings = {
				INFOPLIST_FILE = "06-抽屉效果UITests/Info.plist";
				LD_RUNPATH_SEARCH_PATHS = "$(inherited) @executable_path/Frameworks @loader_path/Frameworks";
				PRODUCT_BUNDLE_IDENTIFIER = "M-coppco.-6-----UITests";
				PRODUCT_NAME = "$(TARGET_NAME)";
				TEST_TARGET_NAME = "06-抽屉效果";
				USES_XCTRUNNER = YES;
			};
			name = Debug;
		};
		444462C01CA56EFB00FEC7DB /* Release */ = {
			isa = XCBuildConfiguration;
			buildSettings = {
				INFOPLIST_FILE = "06-抽屉效果UITests/Info.plist";
				LD_RUNPATH_SEARCH_PATHS = "$(inherited) @executable_path/Frameworks @loader_path/Frameworks";
				PRODUCT_BUNDLE_IDENTIFIER = "M-coppco.-6-----UITests";
				PRODUCT_NAME = "$(TARGET_NAME)";
				TEST_TARGET_NAME = "06-抽屉效果";
				USES_XCTRUNNER = YES;
			};
			name = Release;
		};
/* End XCBuildConfiguration section */

/* Begin XCConfigurationList section */
		444462861CA56EFA00FEC7DB /* Build configuration list for PBXProject "06-抽屉效果" */ = {
			isa = XCConfigurationList;
			buildConfigurations = (
				444462B61CA56EFB00FEC7DB /* Debug */,
				444462B71CA56EFB00FEC7DB /* Release */,
			);
			defaultConfigurationIsVisible = 0;
			defaultConfigurationName = Release;
		};
		444462B81CA56EFB00FEC7DB /* Build configuration list for PBXNativeTarget "06-抽屉效果" */ = {
			isa = XCConfigurationList;
			buildConfigurations = (
				444462B91CA56EFB00FEC7DB /* Debug */,
				444462BA1CA56EFB00FEC7DB /* Release */,
			);
			defaultConfigurationIsVisible = 0;
		};
		444462BB1CA56EFB00FEC7DB /* Build configuration list for PBXNativeTarget "06-抽屉效果Tests" */ = {
			isa = XCConfigurationList;
			buildConfigurations = (
				444462BC1CA56EFB00FEC7DB /* Debug */,
				444462BD1CA56EFB00FEC7DB /* Release */,
			);
			defaultConfigurationIsVisible = 0;
		};
		444462BE1CA56EFB00FEC7DB /* Build configuration list for PBXNativeTarget "06-抽屉效果UITests" */ = {
			isa = XCConfigurationList;
			buildConfigurations = (
				444462BF1CA56EFB00FEC7DB /* Debug */,
				444462C01CA56EFB00FEC7DB /* Release */,
			);
			defaultConfigurationIsVisible = 0;
		};
/* End XCConfigurationList section */
	};
	rootObject = 444462831CA56EFA00FEC7DB /* Project object */;
}
