// !$*UTF8*$!
{
	archiveVersion = 1;
	classes = {
	};
	objectVersion = 46;
	objects = {

/* Begin PBXBuildFile section */
		4441FE8A1CA01AD30078E845 /* main.m in Sources */ = {isa = PBXBuildFile; fileRef = 4441FE891CA01AD30078E845 /* main.m */; };
		4441FE8D1CA01AD30078E845 /* AppDelegate.m in Sources */ = {isa = PBXBuildFile; fileRef = 4441FE8C1CA01AD30078E845 /* AppDelegate.m */; };
		4441FE901CA01AD30078E845 /* ViewController.m in Sources */ = {isa = PBXBuildFile; fileRef = 4441FE8F1CA01AD30078E845 /* ViewController.m */; };
		4441FE931CA01AD30078E845 /* Main.storyboard in Resources */ = {isa = PBXBuildFile; fileRef = 4441FE911CA01AD30078E845 /* Main.storyboard */; };
		4441FE951CA01AD30078E845 /* Assets.xcassets in Resources */ = {isa = PBXBuildFile; fileRef = 4441FE941CA01AD30078E845 /* Assets.xcassets */; };
		4441FE981CA01AD30078E845 /* LaunchScreen.storyboard in Resources */ = {isa = PBXBuildFile; fileRef = 4441FE961CA01AD30078E845 /* LaunchScreen.storyboard */; };
		4441FEA31CA01AD30078E845 /* _1_UINavigationControllerTests.m in Sources */ = {isa = PBXBuildFile; fileRef = 4441FEA21CA01AD30078E845 /* _1_UINavigationControllerTests.m */; };
		4441FEAE1CA01AD30078E845 /* _1_UINavigationControllerUITests.m in Sources */ = {isa = PBXBuildFile; fileRef = 4441FEAD1CA01AD30078E845 /* _1_UINavigationControllerUITests.m */; };
/* End PBXBuildFile section */

/* Begin PBXContainerItemProxy section */
		4441FE9F1CA01AD30078E845 /* PBXContainerItemProxy */ = {
			isa = PBXContainerItemProxy;
			containerPortal = 4441FE7D1CA01AD30078E845 /* Project object */;
			proxyType = 1;
			remoteGlobalIDString = 4441FE841CA01AD30078E845;
			remoteInfo = "01-UINavigationController";
		};
		4441FEAA1CA01AD30078E845 /* PBXContainerItemProxy */ = {
			isa = PBXContainerItemProxy;
			containerPortal = 4441FE7D1CA01AD30078E845 /* Project object */;
			proxyType = 1;
			remoteGlobalIDString = 4441FE841CA01AD30078E845;
			remoteInfo = "01-UINavigationController";
		};
/* End PBXContainerItemProxy section */

/* Begin PBXFileReference section */
		4441FE851CA01AD30078E845 /* 01-UINavigationController.app */ = {isa = PBXFileReference; explicitFileType = wrapper.application; includeInIndex = 0; path = "01-UINavigationController.app"; sourceTree = BUILT_PRODUCTS_DIR; };
		4441FE891CA01AD30078E845 /* main.m */ = {isa = PBXFileReference; lastKnownFileType = sourcecode.c.objc; path = main.m; sourceTree = "<group>"; };
		4441FE8B1CA01AD30078E845 /* AppDelegate.h */ = {isa = PBXFileReference; lastKnownFileType = sourcecode.c.h; path = AppDelegate.h; sourceTree = "<group>"; };
		4441FE8C1CA01AD30078E845 /* AppDelegate.m */ = {isa = PBXFileReference; lastKnownFileType = sourcecode.c.objc; path = AppDelegate.m; sourceTree = "<group>"; };
		4441FE8E1CA01AD30078E845 /* ViewController.h */ = {isa = PBXFileReference; lastKnownFileType = sourcecode.c.h; path = ViewController.h; sourceTree = "<group>"; };
		4441FE8F1CA01AD30078E845 /* ViewController.m */ = {isa = PBXFileReference; lastKnownFileType = sourcecode.c.objc; path = ViewController.m; sourceTree = "<group>"; };
		4441FE921CA01AD30078E845 /* Base */ = {isa = PBXFileReference; lastKnownFileType = file.storyboard; name = Base; path = Base.lproj/Main.storyboard; sourceTree = "<group>"; };
		4441FE941CA01AD30078E845 /* Assets.xcassets */ = {isa = PBXFileReference; lastKnownFileType = folder.assetcatalog; path = Assets.xcassets; sourceTree = "<group>"; };
		4441FE971CA01AD30078E845 /* Base */ = {isa = PBXFileReference; lastKnownFileType = file.storyboard; name = Base; path = Base.lproj/LaunchScreen.storyboard; sourceTree = "<group>"; };
		4441FE991CA01AD30078E845 /* Info.plist */ = {isa = PBXFileReference; lastKnownFileType = text.plist.xml; path = Info.plist; sourceTree = "<group>"; };
		4441FE9E1CA01AD30078E845 /* 01-UINavigationControllerTests.xctest */ = {isa = PBXFileReference; explicitFileType = wrapper.cfbundle; includeInIndex = 0; path = "01-UINavigationControllerTests.xctest"; sourceTree = BUILT_PRODUCTS_DIR; };
		4441FEA21CA01AD30078E845 /* _1_UINavigationControllerTests.m */ = {isa = PBXFileReference; lastKnownFileType = sourcecode.c.objc; path = _1_UINavigationControllerTests.m; sourceTree = "<group>"; };
		4441FEA41CA01AD30078E845 /* Info.plist */ = {isa = PBXFileReference; lastKnownFileType = text.plist.xml; path = Info.plist; sourceTree = "<group>"; };
		4441FEA91CA01AD30078E845 /* 01-UINavigationControllerUITests.xctest */ = {isa = PBXFileReference; explicitFileType = wrapper.cfbundle; includeInIndex = 0; path = "01-UINavigationControllerUITests.xctest"; sourceTree = BUILT_PRODUCTS_DIR; };
		4441FEAD1CA01AD30078E845 /* _1_UINavigationControllerUITests.m */ = {isa = PBXFileReference; lastKnownFileType = sourcecode.c.objc; path = _1_UINavigationControllerUITests.m; sourceTree = "<group>"; };
		4441FEAF1CA01AD30078E845 /* Info.plist */ = {isa = PBXFileReference; lastKnownFileType = text.plist.xml; path = Info.plist; sourceTree = "<group>"; };
/* End PBXFileReference section */

/* Begin PBXFrameworksBuildPhase section */
		4441FE821CA01AD30078E845 /* Frameworks */ = {
			isa = PBXFrameworksBuildPhase;
			buildActionMask = 2147483647;
			files = (
			);
			runOnlyForDeploymentPostprocessing = 0;
		};
		4441FE9B1CA01AD30078E845 /* Frameworks */ = {
			isa = PBXFrameworksBuildPhase;
			buildActionMask = 2147483647;
			files = (
			);
			runOnlyForDeploymentPostprocessing = 0;
		};
		4441FEA61CA01AD30078E845 /* Frameworks */ = {
			isa = PBXFrameworksBuildPhase;
			buildActionMask = 2147483647;
			files = (
			);
			runOnlyForDeploymentPostprocessing = 0;
		};
/* End PBXFrameworksBuildPhase section */

/* Begin PBXGroup section */
		4441FE7C1CA01AD30078E845 = {
			isa = PBXGroup;
			children = (
				4441FE871CA01AD30078E845 /* 01-UINavigationController */,
				4441FEA11CA01AD30078E845 /* 01-UINavigationControllerTests */,
				4441FEAC1CA01AD30078E845 /* 01-UINavigationControllerUITests */,
				4441FE861CA01AD30078E845 /* Products */,
			);
			sourceTree = "<group>";
		};
		4441FE861CA01AD30078E845 /* Products */ = {
			isa = PBXGroup;
			children = (
				4441FE851CA01AD30078E845 /* 01-UINavigationController.app */,
				4441FE9E1CA01AD30078E845 /* 01-UINavigationControllerTests.xctest */,
				4441FEA91CA01AD30078E845 /* 01-UINavigationControllerUITests.xctest */,
			);
			name = Products;
			sourceTree = "<group>";
		};
		4441FE871CA01AD30078E845 /* 01-UINavigationController */ = {
			isa = PBXGroup;
			children = (
				4441FE8B1CA01AD30078E845 /* AppDelegate.h */,
				4441FE8C1CA01AD30078E845 /* AppDelegate.m */,
				4441FE8E1CA01AD30078E845 /* ViewController.h */,
				4441FE8F1CA01AD30078E845 /* ViewController.m */,
				4441FE911CA01AD30078E845 /* Main.storyboard */,
				4441FE941CA01AD30078E845 /* Assets.xcassets */,
				4441FE961CA01AD30078E845 /* LaunchScreen.storyboard */,
				4441FE991CA01AD30078E845 /* Info.plist */,
				4441FE881CA01AD30078E845 /* Supporting Files */,
			);
			path = "01-UINavigationController";
			sourceTree = "<group>";
		};
		4441FE881CA01AD30078E845 /* Supporting Files */ = {
			isa = PBXGroup;
			children = (
				4441FE891CA01AD30078E845 /* main.m */,
			);
			name = "Supporting Files";
			sourceTree = "<group>";
		};
		4441FEA11CA01AD30078E845 /* 01-UINavigationControllerTests */ = {
			isa = PBXGroup;
			children = (
				4441FEA21CA01AD30078E845 /* _1_UINavigationControllerTests.m */,
				4441FEA41CA01AD30078E845 /* Info.plist */,
			);
			path = "01-UINavigationControllerTests";
			sourceTree = "<group>";
		};
		4441FEAC1CA01AD30078E845 /* 01-UINavigationControllerUITests */ = {
			isa = PBXGroup;
			children = (
				4441FEAD1CA01AD30078E845 /* _1_UINavigationControllerUITests.m */,
				4441FEAF1CA01AD30078E845 /* Info.plist */,
			);
			path = "01-UINavigationControllerUITests";
			sourceTree = "<group>";
		};
/* End PBXGroup section */

/* Begin PBXNativeTarget section */
		4441FE841CA01AD30078E845 /* 01-UINavigationController */ = {
			isa = PBXNativeTarget;
			buildConfigurationList = 4441FEB21CA01AD30078E845 /* Build configuration list for PBXNativeTarget "01-UINavigationController" */;
			buildPhases = (
				4441FE811CA01AD30078E845 /* Sources */,
				4441FE821CA01AD30078E845 /* Frameworks */,
				4441FE831CA01AD30078E845 /* Resources */,
			);
			buildRules = (
			);
			dependencies = (
			);
			name = "01-UINavigationController";
			productName = "01-UINavigationController";
			productReference = 4441FE851CA01AD30078E845 /* 01-UINavigationController.app */;
			productType = "com.apple.product-type.application";
		};
		4441FE9D1CA01AD30078E845 /* 01-UINavigationControllerTests */ = {
			isa = PBXNativeTarget;
			buildConfigurationList = 4441FEB51CA01AD30078E845 /* Build configuration list for PBXNativeTarget "01-UINavigationControllerTests" */;
			buildPhases = (
				4441FE9A1CA01AD30078E845 /* Sources */,
				4441FE9B1CA01AD30078E845 /* Frameworks */,
				4441FE9C1CA01AD30078E845 /* Resources */,
			);
			buildRules = (
			);
			dependencies = (
				4441FEA01CA01AD30078E845 /* PBXTargetDependency */,
			);
			name = "01-UINavigationControllerTests";
			productName = "01-UINavigationControllerTests";
			productReference = 4441FE9E1CA01AD30078E845 /* 01-UINavigationControllerTests.xctest */;
			productType = "com.apple.product-type.bundle.unit-test";
		};
		4441FEA81CA01AD30078E845 /* 01-UINavigationControllerUITests */ = {
			isa = PBXNativeTarget;
			buildConfigurationList = 4441FEB81CA01AD30078E845 /* Build configuration list for PBXNativeTarget "01-UINavigationControllerUITests" */;
			buildPhases = (
				4441FEA51CA01AD30078E845 /* Sources */,
				4441FEA61CA01AD30078E845 /* Frameworks */,
				4441FEA71CA01AD30078E845 /* Resources */,
			);
			buildRules = (
			);
			dependencies = (
				4441FEAB1CA01AD30078E845 /* PBXTargetDependency */,
			);
			name = "01-UINavigationControllerUITests";
			productName = "01-UINavigationControllerUITests";
			productReference = 4441FEA91CA01AD30078E845 /* 01-UINavigationControllerUITests.xctest */;
			productType = "com.apple.product-type.bundle.ui-testing";
		};
/* End PBXNativeTarget section */

/* Begin PBXProject section */
		4441FE7D1CA01AD30078E845 /* Project object */ = {
			isa = PBXProject;
			attributes = {
				LastUpgradeCheck = 0710;
				ORGANIZATIONNAME = "M-coppco";
				TargetAttributes = {
					4441FE841CA01AD30078E845 = {
						CreatedOnToolsVersion = 7.1;
					};
					4441FE9D1CA01AD30078E845 = {
						CreatedOnToolsVersion = 7.1;
						TestTargetID = 4441FE841CA01AD30078E845;
					};
					4441FEA81CA01AD30078E845 = {
						CreatedOnToolsVersion = 7.1;
						TestTargetID = 4441FE841CA01AD30078E845;
					};
				};
			};
			buildConfigurationList = 4441FE801CA01AD30078E845 /* Build configuration list for PBXProject "01-UINavigationController" */;
			compatibilityVersion = "Xcode 3.2";
			developmentRegion = English;
			hasScannedForEncodings = 0;
			knownRegions = (
				en,
				Base,
			);
			mainGroup = 4441FE7C1CA01AD30078E845;
			productRefGroup = 4441FE861CA01AD30078E845 /* Products */;
			projectDirPath = "";
			projectRoot = "";
			targets = (
				4441FE841CA01AD30078E845 /* 01-UINavigationController */,
				4441FE9D1CA01AD30078E845 /* 01-UINavigationControllerTests */,
				4441FEA81CA01AD30078E845 /* 01-UINavigationControllerUITests */,
			);
		};
/* End PBXProject section */

/* Begin PBXResourcesBuildPhase section */
		4441FE831CA01AD30078E845 /* Resources */ = {
			isa = PBXResourcesBuildPhase;
			buildActionMask = 2147483647;
			files = (
				4441FE981CA01AD30078E845 /* LaunchScreen.storyboard in Resources */,
				4441FE951CA01AD30078E845 /* Assets.xcassets in Resources */,
				4441FE931CA01AD30078E845 /* Main.storyboard in Resources */,
			);
			runOnlyForDeploymentPostprocessing = 0;
		};
		4441FE9C1CA01AD30078E845 /* Resources */ = {
			isa = PBXResourcesBuildPhase;
			buildActionMask = 2147483647;
			files = (
			);
			runOnlyForDeploymentPostprocessing = 0;
		};
		4441FEA71CA01AD30078E845 /* Resources */ = {
			isa = PBXResourcesBuildPhase;
			buildActionMask = 2147483647;
			files = (
			);
			runOnlyForDeploymentPostprocessing = 0;
		};
/* End PBXResourcesBuildPhase section */

/* Begin PBXSourcesBuildPhase section */
		4441FE811CA01AD30078E845 /* Sources */ = {
			isa = PBXSourcesBuildPhase;
			buildActionMask = 2147483647;
			files = (
				4441FE901CA01AD30078E845 /* ViewController.m in Sources */,
				4441FE8D1CA01AD30078E845 /* AppDelegate.m in Sources */,
				4441FE8A1CA01AD30078E845 /* main.m in Sources */,
			);
			runOnlyForDeploymentPostprocessing = 0;
		};
		4441FE9A1CA01AD30078E845 /* Sources */ = {
			isa = PBXSourcesBuildPhase;
			buildActionMask = 2147483647;
			files = (
				4441FEA31CA01AD30078E845 /* _1_UINavigationControllerTests.m in Sources */,
			);
			runOnlyForDeploymentPostprocessing = 0;
		};
		4441FEA51CA01AD30078E845 /* Sources */ = {
			isa = PBXSourcesBuildPhase;
			buildActionMask = 2147483647;
			files = (
				4441FEAE1CA01AD30078E845 /* _1_UINavigationControllerUITests.m in Sources */,
			);
			runOnlyForDeploymentPostprocessing = 0;
		};
/* End PBXSourcesBuildPhase section */

/* Begin PBXTargetDependency section */
		4441FEA01CA01AD30078E845 /* PBXTargetDependency */ = {
			isa = PBXTargetDependency;
			target = 4441FE841CA01AD30078E845 /* 01-UINavigationController */;
			targetProxy = 4441FE9F1CA01AD30078E845 /* PBXContainerItemProxy */;
		};
		4441FEAB1CA01AD30078E845 /* PBXTargetDependency */ = {
			isa = PBXTargetDependency;
			target = 4441FE841CA01AD30078E845 /* 01-UINavigationController */;
			targetProxy = 4441FEAA1CA01AD30078E845 /* PBXContainerItemProxy */;
		};
/* End PBXTargetDependency section */

/* Begin PBXVariantGroup section */
		4441FE911CA01AD30078E845 /* Main.storyboard */ = {
			isa = PBXVariantGroup;
			children = (
				4441FE921CA01AD30078E845 /* Base */,
			);
			name = Main.storyboard;
			sourceTree = "<group>";
		};
		4441FE961CA01AD30078E845 /* LaunchScreen.storyboard */ = {
			isa = PBXVariantGroup;
			children = (
				4441FE971CA01AD30078E845 /* Base */,
			);
			name = LaunchScreen.storyboard;
			sourceTree = "<group>";
		};
/* End PBXVariantGroup section */

/* Begin XCBuildConfiguration section */
		4441FEB01CA01AD30078E845 /* Debug */ = {
			isa = XCBuildConfiguration;
			buildSettings = {
				ALWAYS_SEARCH_USER_PATHS = NO;
				CLANG_CXX_LANGUAGE_STANDARD = "gnu++0x";
				CLANG_CXX_LIBRARY = "libc++";
				CLANG_ENABLE_MODULES = YES;
				CLANG_ENABLE_OBJC_ARC = YES;
				CLANG_WARN_BOOL_CONVERSION = YES;
				CLANG_WARN_CONSTANT_CONVERSION = YES;
				CLANG_WARN_DIRECT_OBJC_ISA_USAGE = YES_ERROR;
				CLANG_WARN_EMPTY_BODY = YES;
				CLANG_WARN_ENUM_CONVERSION = YES;
				CLANG_WARN_INT_CONVERSION = YES;
				CLANG_WARN_OBJC_ROOT_CLASS = YES_ERROR;
				CLANG_WARN_UNREACHABLE_CODE = YES;
				CLANG_WARN__DUPLICATE_METHOD_MATCH = YES;
				"CODE_SIGN_IDENTITY[sdk=iphoneos*]" = "iPhone Developer";
				COPY_PHASE_STRIP = NO;
				DEBUG_INFORMATION_FORMAT = dwarf;
				ENABLE_STRICT_OBJC_MSGSEND = YES;
				ENABLE_TESTABILITY = YES;
				GCC_C_LANGUAGE_STANDARD = gnu99;
				GCC_DYNAMIC_NO_PIC = NO;
				GCC_NO_COMMON_BLOCKS = YES;
				GCC_OPTIMIZATION_LEVEL = 0;
				GCC_PREPROCESSOR_DEFINITIONS = (
					"DEBUG=1",
					"$(inherited)",
				);
				GCC_WARN_64_TO_32_BIT_CONVERSION = YES;
				GCC_WARN_ABOUT_RETURN_TYPE = YES_ERROR;
				GCC_WARN_UNDECLARED_SELECTOR = YES;
				GCC_WARN_UNINITIALIZED_AUTOS = YES_AGGRESSIVE;
				GCC_WARN_UNUSED_FUNCTION = YES;
				GCC_WARN_UNUSED_VARIABLE = YES;
				IPHONEOS_DEPLOYMENT_TARGET = 9.1;
				MTL_ENABLE_DEBUG_INFO = YES;
				ONLY_ACTIVE_ARCH = YES;
				SDKROOT = iphoneos;
				TARGETED_DEVICE_FAMILY = "1,2";
			};
			name = Debug;
		};
		4441FEB11CA01AD30078E845 /* Release */ = {
			isa = XCBuildConfiguration;
			buildSettings = {
				ALWAYS_SEARCH_USER_PATHS = NO;
				CLANG_CXX_LANGUAGE_STANDARD = "gnu++0x";
				CLANG_CXX_LIBRARY = "libc++";
				CLANG_ENABLE_MODULES = YES;
				CLANG_ENABLE_OBJC_ARC = YES;
				CLANG_WARN_BOOL_CONVERSION = YES;
				CLANG_WARN_CONSTANT_CONVERSION = YES;
				CLANG_WARN_DIRECT_OBJC_ISA_USAGE = YES_ERROR;
				CLANG_WARN_EMPTY_BODY = YES;
				CLANG_WARN_ENUM_CONVERSION = YES;
				CLANG_WARN_INT_CONVERSION = YES;
				CLANG_WARN_OBJC_ROOT_CLASS = YES_ERROR;
				CLANG_WARN_UNREACHABLE_CODE = YES;
				CLANG_WARN__DUPLICATE_METHOD_MATCH = YES;
				"CODE_SIGN_IDENTITY[sdk=iphoneos*]" = "iPhone Developer";
				COPY_PHASE_STRIP = NO;
				DEBUG_INFORMATION_FORMAT = "dwarf-with-dsym";
				ENABLE_NS_ASSERTIONS = NO;
				ENABLE_STRICT_OBJC_MSGSEND = YES;
				GCC_C_LANGUAGE_STANDARD = gnu99;
				GCC_NO_COMMON_BLOCKS = YES;
				GCC_WARN_64_TO_32_BIT_CONVERSION = YES;
				GCC_WARN_ABOUT_RETURN_TYPE = YES_ERROR;
				GCC_WARN_UNDECLARED_SELECTOR = YES;
				GCC_WARN_UNINITIALIZED_AUTOS = YES_AGGRESSIVE;
				GCC_WARN_UNUSED_FUNCTION = YES;
				GCC_WARN_UNUSED_VARIABLE = YES;
				IPHONEOS_DEPLOYMENT_TARGET = 9.1;
				MTL_ENABLE_DEBUG_INFO = NO;
				SDKROOT = iphoneos;
				TARGETED_DEVICE_FAMILY = "1,2";
				VALIDATE_PRODUCT = YES;
			};
			name = Release;
		};
		4441FEB31CA01AD30078E845 /* Debug */ = {
			isa = XCBuildConfiguration;
			buildSettings = {
				ASSETCATALOG_COMPILER_APPICON_NAME = AppIcon;
				INFOPLIST_FILE = "01-UINavigationController/Info.plist";
				LD_RUNPATH_SEARCH_PATHS = "$(inherited) @executable_path/Frameworks";
				PRODUCT_BUNDLE_IDENTIFIER = "M-coppco.-1-UINavigationController";
				PRODUCT_NAME = "$(TARGET_NAME)";
			};
			name = Debug;
		};
		4441FEB41CA01AD30078E845 /* Release */ = {
			isa = XCBuildConfiguration;
			buildSettings = {
				ASSETCATALOG_COMPILER_APPICON_NAME = AppIcon;
				INFOPLIST_FILE = "01-UINavigationController/Info.plist";
				LD_RUNPATH_SEARCH_PATHS = "$(inherited) @executable_path/Frameworks";
				PRODUCT_BUNDLE_IDENTIFIER = "M-coppco.-1-UINavigationController";
				PRODUCT_NAME = "$(TARGET_NAME)";
			};
			name = Release;
		};
		4441FEB61CA01AD30078E845 /* Debug */ = {
			isa = XCBuildConfiguration;
			buildSettings = {
				BUNDLE_LOADER = "$(TEST_HOST)";
				INFOPLIST_FILE = "01-UINavigationControllerTests/Info.plist";
				LD_RUNPATH_SEARCH_PATHS = "$(inherited) @executable_path/Frameworks @loader_path/Frameworks";
				PRODUCT_BUNDLE_IDENTIFIER = "M-coppco.-1-UINavigationControllerTests";
				PRODUCT_NAME = "$(TARGET_NAME)";
				TEST_HOST = "$(BUILT_PRODUCTS_DIR)/01-UINavigationController.app/01-UINavigationController";
			};
			name = Debug;
		};
		4441FEB71CA01AD30078E845 /* Release */ = {
			isa = XCBuildConfiguration;
			buildSettings = {
				BUNDLE_LOADER = "$(TEST_HOST)";
				INFOPLIST_FILE = "01-UINavigationControllerTests/Info.plist";
				LD_RUNPATH_SEARCH_PATHS = "$(inherited) @executable_path/Frameworks @loader_path/Frameworks";
				PRODUCT_BUNDLE_IDENTIFIER = "M-coppco.-1-UINavigationControllerTests";
				PRODUCT_NAME = "$(TARGET_NAME)";
				TEST_HOST = "$(BUILT_PRODUCTS_DIR)/01-UINavigationController.app/01-UINavigationController";
			};
			name = Release;
		};
		4441FEB91CA01AD30078E845 /* Debug */ = {
			isa = XCBuildConfiguration;
			buildSettings = {
				INFOPLIST_FILE = "01-UINavigationControllerUITests/Info.plist";
				LD_RUNPATH_SEARCH_PATHS = "$(inherited) @executable_path/Frameworks @loader_path/Frameworks";
				PRODUCT_BUNDLE_IDENTIFIER = "M-coppco.-1-UINavigationControllerUITests";
				PRODUCT_NAME = "$(TARGET_NAME)";
				TEST_TARGET_NAME = "01-UINavigationController";
				USES_XCTRUNNER = YES;
			};
			name = Debug;
		};
		4441FEBA1CA01AD30078E845 /* Release */ = {
			isa = XCBuildConfiguration;
			buildSettings = {
				INFOPLIST_FILE = "01-UINavigationControllerUITests/Info.plist";
				LD_RUNPATH_SEARCH_PATHS = "$(inherited) @executable_path/Frameworks @loader_path/Frameworks";
				PRODUCT_BUNDLE_IDENTIFIER = "M-coppco.-1-UINavigationControllerUITests";
				PRODUCT_NAME = "$(TARGET_NAME)";
				TEST_TARGET_NAME = "01-UINavigationController";
				USES_XCTRUNNER = YES;
			};
			name = Release;
		};
/* End XCBuildConfiguration section */

/* Begin XCConfigurationList section */
		4441FE801CA01AD30078E845 /* Build configuration list for PBXProject "01-UINavigationController" */ = {
			isa = XCConfigurationList;
			buildConfigurations = (
				4441FEB01CA01AD30078E845 /* Debug */,
				4441FEB11CA01AD30078E845 /* Release */,
			);
			defaultConfigurationIsVisible = 0;
			defaultConfigurationName = Release;
		};
		4441FEB21CA01AD30078E845 /* Build configuration list for PBXNativeTarget "01-UINavigationController" */ = {
			isa = XCConfigurationList;
			buildConfigurations = (
				4441FEB31CA01AD30078E845 /* Debug */,
				4441FEB41CA01AD30078E845 /* Release */,
			);
			defaultConfigurationIsVisible = 0;
		};
		4441FEB51CA01AD30078E845 /* Build configuration list for PBXNativeTarget "01-UINavigationControllerTests" */ = {
			isa = XCConfigurationList;
			buildConfigurations = (
				4441FEB61CA01AD30078E845 /* Debug */,
				4441FEB71CA01AD30078E845 /* Release */,
			);
			defaultConfigurationIsVisible = 0;
		};
		4441FEB81CA01AD30078E845 /* Build configuration list for PBXNativeTarget "01-UINavigationControllerUITests" */ = {
			isa = XCConfigurationList;
			buildConfigurations = (
				4441FEB91CA01AD30078E845 /* Debug */,
				4441FEBA1CA01AD30078E845 /* Release */,
			);
			defaultConfigurationIsVisible = 0;
		};
/* End XCConfigurationList section */
	};
	rootObject = 4441FE7D1CA01AD30078E845 /* Project object */;
}
