// !$*UTF8*$!
{
	archiveVersion = 1;
	classes = {
	};
	objectVersion = 46;
	objects = {

/* Begin PBXBuildFile section */
		44CBD7E01D14AC8100B2F079 /* main.m in Sources */ = {isa = PBXBuildFile; fileRef = 44CBD7DF1D14AC8100B2F079 /* main.m */; };
		44CBD7E31D14AC8100B2F079 /* AppDelegate.m in Sources */ = {isa = PBXBuildFile; fileRef = 44CBD7E21D14AC8100B2F079 /* AppDelegate.m */; };
		44CBD7E61D14AC8100B2F079 /* ViewController.m in Sources */ = {isa = PBXBuildFile; fileRef = 44CBD7E51D14AC8100B2F079 /* ViewController.m */; };
		44CBD7E91D14AC8100B2F079 /* Main.storyboard in Resources */ = {isa = PBXBuildFile; fileRef = 44CBD7E71D14AC8100B2F079 /* Main.storyboard */; };
		44CBD7EB1D14AC8100B2F079 /* Assets.xcassets in Resources */ = {isa = PBXBuildFile; fileRef = 44CBD7EA1D14AC8100B2F079 /* Assets.xcassets */; };
		44CBD7EE1D14AC8100B2F079 /* LaunchScreen.storyboard in Resources */ = {isa = PBXBuildFile; fileRef = 44CBD7EC1D14AC8100B2F079 /* LaunchScreen.storyboard */; };
		44CBD7F91D14AC8200B2F079 /* __4___runtime______Tests.m in Sources */ = {isa = PBXBuildFile; fileRef = 44CBD7F81D14AC8200B2F079 /* __4___runtime______Tests.m */; };
		44CBD8041D14AC8200B2F079 /* __4___runtime______UITests.m in Sources */ = {isa = PBXBuildFile; fileRef = 44CBD8031D14AC8200B2F079 /* __4___runtime______UITests.m */; };
		44CBD8161D14B16700B2F079 /* UIImage+HJEntension.m in Sources */ = {isa = PBXBuildFile; fileRef = 44CBD8151D14B16700B2F079 /* UIImage+HJEntension.m */; };
/* End PBXBuildFile section */

/* Begin PBXContainerItemProxy section */
		44CBD7F51D14AC8200B2F079 /* PBXContainerItemProxy */ = {
			isa = PBXContainerItemProxy;
			containerPortal = 44CBD7D31D14AC8100B2F079 /* Project object */;
			proxyType = 1;
			remoteGlobalIDString = 44CBD7DA1D14AC8100B2F079;
			remoteInfo = "5-4___runtime__交换方法";
		};
		44CBD8001D14AC8200B2F079 /* PBXContainerItemProxy */ = {
			isa = PBXContainerItemProxy;
			containerPortal = 44CBD7D31D14AC8100B2F079 /* Project object */;
			proxyType = 1;
			remoteGlobalIDString = 44CBD7DA1D14AC8100B2F079;
			remoteInfo = "5-4___runtime__交换方法";
		};
/* End PBXContainerItemProxy section */

/* Begin PBXFileReference section */
		44CBD7DB1D14AC8100B2F079 /* 5-4___runtime__交换方法.app */ = {isa = PBXFileReference; explicitFileType = wrapper.application; includeInIndex = 0; path = "5-4___runtime__交换方法.app"; sourceTree = BUILT_PRODUCTS_DIR; };
		44CBD7DF1D14AC8100B2F079 /* main.m */ = {isa = PBXFileReference; lastKnownFileType = sourcecode.c.objc; path = main.m; sourceTree = "<group>"; };
		44CBD7E11D14AC8100B2F079 /* AppDelegate.h */ = {isa = PBXFileReference; lastKnownFileType = sourcecode.c.h; path = AppDelegate.h; sourceTree = "<group>"; };
		44CBD7E21D14AC8100B2F079 /* AppDelegate.m */ = {isa = PBXFileReference; lastKnownFileType = sourcecode.c.objc; path = AppDelegate.m; sourceTree = "<group>"; };
		44CBD7E41D14AC8100B2F079 /* ViewController.h */ = {isa = PBXFileReference; lastKnownFileType = sourcecode.c.h; path = ViewController.h; sourceTree = "<group>"; };
		44CBD7E51D14AC8100B2F079 /* ViewController.m */ = {isa = PBXFileReference; lastKnownFileType = sourcecode.c.objc; path = ViewController.m; sourceTree = "<group>"; };
		44CBD7E81D14AC8100B2F079 /* Base */ = {isa = PBXFileReference; lastKnownFileType = file.storyboard; name = Base; path = Base.lproj/Main.storyboard; sourceTree = "<group>"; };
		44CBD7EA1D14AC8100B2F079 /* Assets.xcassets */ = {isa = PBXFileReference; lastKnownFileType = folder.assetcatalog; path = Assets.xcassets; sourceTree = "<group>"; };
		44CBD7ED1D14AC8100B2F079 /* Base */ = {isa = PBXFileReference; lastKnownFileType = file.storyboard; name = Base; path = Base.lproj/LaunchScreen.storyboard; sourceTree = "<group>"; };
		44CBD7EF1D14AC8100B2F079 /* Info.plist */ = {isa = PBXFileReference; lastKnownFileType = text.plist.xml; path = Info.plist; sourceTree = "<group>"; };
		44CBD7F41D14AC8200B2F079 /* 5-4___runtime__交换方法Tests.xctest */ = {isa = PBXFileReference; explicitFileType = wrapper.cfbundle; includeInIndex = 0; path = "5-4___runtime__交换方法Tests.xctest"; sourceTree = BUILT_PRODUCTS_DIR; };
		44CBD7F81D14AC8200B2F079 /* __4___runtime______Tests.m */ = {isa = PBXFileReference; lastKnownFileType = sourcecode.c.objc; path = "__4___runtime______Tests.m"; sourceTree = "<group>"; };
		44CBD7FA1D14AC8200B2F079 /* Info.plist */ = {isa = PBXFileReference; lastKnownFileType = text.plist.xml; path = Info.plist; sourceTree = "<group>"; };
		44CBD7FF1D14AC8200B2F079 /* 5-4___runtime__交换方法UITests.xctest */ = {isa = PBXFileReference; explicitFileType = wrapper.cfbundle; includeInIndex = 0; path = "5-4___runtime__交换方法UITests.xctest"; sourceTree = BUILT_PRODUCTS_DIR; };
		44CBD8031D14AC8200B2F079 /* __4___runtime______UITests.m */ = {isa = PBXFileReference; lastKnownFileType = sourcecode.c.objc; path = "__4___runtime______UITests.m"; sourceTree = "<group>"; };
		44CBD8051D14AC8200B2F079 /* Info.plist */ = {isa = PBXFileReference; lastKnownFileType = text.plist.xml; path = Info.plist; sourceTree = "<group>"; };
		44CBD8141D14B16700B2F079 /* UIImage+HJEntension.h */ = {isa = PBXFileReference; fileEncoding = 4; lastKnownFileType = sourcecode.c.h; path = "UIImage+HJEntension.h"; sourceTree = "<group>"; };
		44CBD8151D14B16700B2F079 /* UIImage+HJEntension.m */ = {isa = PBXFileReference; fileEncoding = 4; lastKnownFileType = sourcecode.c.objc; path = "UIImage+HJEntension.m"; sourceTree = "<group>"; };
/* End PBXFileReference section */

/* Begin PBXFrameworksBuildPhase section */
		44CBD7D81D14AC8100B2F079 /* Frameworks */ = {
			isa = PBXFrameworksBuildPhase;
			buildActionMask = 2147483647;
			files = (
			);
			runOnlyForDeploymentPostprocessing = 0;
		};
		44CBD7F11D14AC8200B2F079 /* Frameworks */ = {
			isa = PBXFrameworksBuildPhase;
			buildActionMask = 2147483647;
			files = (
			);
			runOnlyForDeploymentPostprocessing = 0;
		};
		44CBD7FC1D14AC8200B2F079 /* Frameworks */ = {
			isa = PBXFrameworksBuildPhase;
			buildActionMask = 2147483647;
			files = (
			);
			runOnlyForDeploymentPostprocessing = 0;
		};
/* End PBXFrameworksBuildPhase section */

/* Begin PBXGroup section */
		44CBD7D21D14AC8100B2F079 = {
			isa = PBXGroup;
			children = (
				44CBD7DD1D14AC8100B2F079 /* 5-4___runtime__交换方法 */,
				44CBD7F71D14AC8200B2F079 /* 5-4___runtime__交换方法Tests */,
				44CBD8021D14AC8200B2F079 /* 5-4___runtime__交换方法UITests */,
				44CBD7DC1D14AC8100B2F079 /* Products */,
			);
			sourceTree = "<group>";
		};
		44CBD7DC1D14AC8100B2F079 /* Products */ = {
			isa = PBXGroup;
			children = (
				44CBD7DB1D14AC8100B2F079 /* 5-4___runtime__交换方法.app */,
				44CBD7F41D14AC8200B2F079 /* 5-4___runtime__交换方法Tests.xctest */,
				44CBD7FF1D14AC8200B2F079 /* 5-4___runtime__交换方法UITests.xctest */,
			);
			name = Products;
			sourceTree = "<group>";
		};
		44CBD7DD1D14AC8100B2F079 /* 5-4___runtime__交换方法 */ = {
			isa = PBXGroup;
			children = (
				44CBD7E11D14AC8100B2F079 /* AppDelegate.h */,
				44CBD7E21D14AC8100B2F079 /* AppDelegate.m */,
				44CBD7E41D14AC8100B2F079 /* ViewController.h */,
				44CBD7E51D14AC8100B2F079 /* ViewController.m */,
				44CBD8141D14B16700B2F079 /* UIImage+HJEntension.h */,
				44CBD8151D14B16700B2F079 /* UIImage+HJEntension.m */,
				44CBD7E71D14AC8100B2F079 /* Main.storyboard */,
				44CBD7EA1D14AC8100B2F079 /* Assets.xcassets */,
				44CBD7EC1D14AC8100B2F079 /* LaunchScreen.storyboard */,
				44CBD7EF1D14AC8100B2F079 /* Info.plist */,
				44CBD7DE1D14AC8100B2F079 /* Supporting Files */,
			);
			path = "5-4___runtime__交换方法";
			sourceTree = "<group>";
		};
		44CBD7DE1D14AC8100B2F079 /* Supporting Files */ = {
			isa = PBXGroup;
			children = (
				44CBD7DF1D14AC8100B2F079 /* main.m */,
			);
			name = "Supporting Files";
			sourceTree = "<group>";
		};
		44CBD7F71D14AC8200B2F079 /* 5-4___runtime__交换方法Tests */ = {
			isa = PBXGroup;
			children = (
				44CBD7F81D14AC8200B2F079 /* __4___runtime______Tests.m */,
				44CBD7FA1D14AC8200B2F079 /* Info.plist */,
			);
			path = "5-4___runtime__交换方法Tests";
			sourceTree = "<group>";
		};
		44CBD8021D14AC8200B2F079 /* 5-4___runtime__交换方法UITests */ = {
			isa = PBXGroup;
			children = (
				44CBD8031D14AC8200B2F079 /* __4___runtime______UITests.m */,
				44CBD8051D14AC8200B2F079 /* Info.plist */,
			);
			path = "5-4___runtime__交换方法UITests";
			sourceTree = "<group>";
		};
/* End PBXGroup section */

/* Begin PBXNativeTarget section */
		44CBD7DA1D14AC8100B2F079 /* 5-4___runtime__交换方法 */ = {
			isa = PBXNativeTarget;
			buildConfigurationList = 44CBD8081D14AC8200B2F079 /* Build configuration list for PBXNativeTarget "5-4___runtime__交换方法" */;
			buildPhases = (
				44CBD7D71D14AC8100B2F079 /* Sources */,
				44CBD7D81D14AC8100B2F079 /* Frameworks */,
				44CBD7D91D14AC8100B2F079 /* Resources */,
			);
			buildRules = (
			);
			dependencies = (
			);
			name = "5-4___runtime__交换方法";
			productName = "5-4___runtime__交换方法";
			productReference = 44CBD7DB1D14AC8100B2F079 /* 5-4___runtime__交换方法.app */;
			productType = "com.apple.product-type.application";
		};
		44CBD7F31D14AC8200B2F079 /* 5-4___runtime__交换方法Tests */ = {
			isa = PBXNativeTarget;
			buildConfigurationList = 44CBD80B1D14AC8200B2F079 /* Build configuration list for PBXNativeTarget "5-4___runtime__交换方法Tests" */;
			buildPhases = (
				44CBD7F01D14AC8200B2F079 /* Sources */,
				44CBD7F11D14AC8200B2F079 /* Frameworks */,
				44CBD7F21D14AC8200B2F079 /* Resources */,
			);
			buildRules = (
			);
			dependencies = (
				44CBD7F61D14AC8200B2F079 /* PBXTargetDependency */,
			);
			name = "5-4___runtime__交换方法Tests";
			productName = "5-4___runtime__交换方法Tests";
			productReference = 44CBD7F41D14AC8200B2F079 /* 5-4___runtime__交换方法Tests.xctest */;
			productType = "com.apple.product-type.bundle.unit-test";
		};
		44CBD7FE1D14AC8200B2F079 /* 5-4___runtime__交换方法UITests */ = {
			isa = PBXNativeTarget;
			buildConfigurationList = 44CBD80E1D14AC8200B2F079 /* Build configuration list for PBXNativeTarget "5-4___runtime__交换方法UITests" */;
			buildPhases = (
				44CBD7FB1D14AC8200B2F079 /* Sources */,
				44CBD7FC1D14AC8200B2F079 /* Frameworks */,
				44CBD7FD1D14AC8200B2F079 /* Resources */,
			);
			buildRules = (
			);
			dependencies = (
				44CBD8011D14AC8200B2F079 /* PBXTargetDependency */,
			);
			name = "5-4___runtime__交换方法UITests";
			productName = "5-4___runtime__交换方法UITests";
			productReference = 44CBD7FF1D14AC8200B2F079 /* 5-4___runtime__交换方法UITests.xctest */;
			productType = "com.apple.product-type.bundle.ui-testing";
		};
/* End PBXNativeTarget section */

/* Begin PBXProject section */
		44CBD7D31D14AC8100B2F079 /* Project object */ = {
			isa = PBXProject;
			attributes = {
				LastUpgradeCheck = 0710;
				ORGANIZATIONNAME = "M-coppco";
				TargetAttributes = {
					44CBD7DA1D14AC8100B2F079 = {
						CreatedOnToolsVersion = 7.1;
					};
					44CBD7F31D14AC8200B2F079 = {
						CreatedOnToolsVersion = 7.1;
						TestTargetID = 44CBD7DA1D14AC8100B2F079;
					};
					44CBD7FE1D14AC8200B2F079 = {
						CreatedOnToolsVersion = 7.1;
						TestTargetID = 44CBD7DA1D14AC8100B2F079;
					};
				};
			};
			buildConfigurationList = 44CBD7D61D14AC8100B2F079 /* Build configuration list for PBXProject "5-4___runtime__交换方法" */;
			compatibilityVersion = "Xcode 3.2";
			developmentRegion = English;
			hasScannedForEncodings = 0;
			knownRegions = (
				en,
				Base,
			);
			mainGroup = 44CBD7D21D14AC8100B2F079;
			productRefGroup = 44CBD7DC1D14AC8100B2F079 /* Products */;
			projectDirPath = "";
			projectRoot = "";
			targets = (
				44CBD7DA1D14AC8100B2F079 /* 5-4___runtime__交换方法 */,
				44CBD7F31D14AC8200B2F079 /* 5-4___runtime__交换方法Tests */,
				44CBD7FE1D14AC8200B2F079 /* 5-4___runtime__交换方法UITests */,
			);
		};
/* End PBXProject section */

/* Begin PBXResourcesBuildPhase section */
		44CBD7D91D14AC8100B2F079 /* Resources */ = {
			isa = PBXResourcesBuildPhase;
			buildActionMask = 2147483647;
			files = (
				44CBD7EE1D14AC8100B2F079 /* LaunchScreen.storyboard in Resources */,
				44CBD7EB1D14AC8100B2F079 /* Assets.xcassets in Resources */,
				44CBD7E91D14AC8100B2F079 /* Main.storyboard in Resources */,
			);
			runOnlyForDeploymentPostprocessing = 0;
		};
		44CBD7F21D14AC8200B2F079 /* Resources */ = {
			isa = PBXResourcesBuildPhase;
			buildActionMask = 2147483647;
			files = (
			);
			runOnlyForDeploymentPostprocessing = 0;
		};
		44CBD7FD1D14AC8200B2F079 /* Resources */ = {
			isa = PBXResourcesBuildPhase;
			buildActionMask = 2147483647;
			files = (
			);
			runOnlyForDeploymentPostprocessing = 0;
		};
/* End PBXResourcesBuildPhase section */

/* Begin PBXSourcesBuildPhase section */
		44CBD7D71D14AC8100B2F079 /* Sources */ = {
			isa = PBXSourcesBuildPhase;
			buildActionMask = 2147483647;
			files = (
				44CBD8161D14B16700B2F079 /* UIImage+HJEntension.m in Sources */,
				44CBD7E61D14AC8100B2F079 /* ViewController.m in Sources */,
				44CBD7E31D14AC8100B2F079 /* AppDelegate.m in Sources */,
				44CBD7E01D14AC8100B2F079 /* main.m in Sources */,
			);
			runOnlyForDeploymentPostprocessing = 0;
		};
		44CBD7F01D14AC8200B2F079 /* Sources */ = {
			isa = PBXSourcesBuildPhase;
			buildActionMask = 2147483647;
			files = (
				44CBD7F91D14AC8200B2F079 /* __4___runtime______Tests.m in Sources */,
			);
			runOnlyForDeploymentPostprocessing = 0;
		};
		44CBD7FB1D14AC8200B2F079 /* Sources */ = {
			isa = PBXSourcesBuildPhase;
			buildActionMask = 2147483647;
			files = (
				44CBD8041D14AC8200B2F079 /* __4___runtime______UITests.m in Sources */,
			);
			runOnlyForDeploymentPostprocessing = 0;
		};
/* End PBXSourcesBuildPhase section */

/* Begin PBXTargetDependency section */
		44CBD7F61D14AC8200B2F079 /* PBXTargetDependency */ = {
			isa = PBXTargetDependency;
			target = 44CBD7DA1D14AC8100B2F079 /* 5-4___runtime__交换方法 */;
			targetProxy = 44CBD7F51D14AC8200B2F079 /* PBXContainerItemProxy */;
		};
		44CBD8011D14AC8200B2F079 /* PBXTargetDependency */ = {
			isa = PBXTargetDependency;
			target = 44CBD7DA1D14AC8100B2F079 /* 5-4___runtime__交换方法 */;
			targetProxy = 44CBD8001D14AC8200B2F079 /* PBXContainerItemProxy */;
		};
/* End PBXTargetDependency section */

/* Begin PBXVariantGroup section */
		44CBD7E71D14AC8100B2F079 /* Main.storyboard */ = {
			isa = PBXVariantGroup;
			children = (
				44CBD7E81D14AC8100B2F079 /* Base */,
			);
			name = Main.storyboard;
			sourceTree = "<group>";
		};
		44CBD7EC1D14AC8100B2F079 /* LaunchScreen.storyboard */ = {
			isa = PBXVariantGroup;
			children = (
				44CBD7ED1D14AC8100B2F079 /* Base */,
			);
			name = LaunchScreen.storyboard;
			sourceTree = "<group>";
		};
/* End PBXVariantGroup section */

/* Begin XCBuildConfiguration section */
		44CBD8061D14AC8200B2F079 /* Debug */ = {
			isa = XCBuildConfiguration;
			buildSettings = {
				ALWAYS_SEARCH_USER_PATHS = NO;
				CLANG_CXX_LANGUAGE_STANDARD = "gnu++0x";
				CLANG_CXX_LIBRARY = "libc++";
				CLANG_ENABLE_MODULES = YES;
				CLANG_ENABLE_OBJC_ARC = YES;
				CLANG_WARN_BOOL_CONVERSION = YES;
				CLANG_WARN_CONSTANT_CONVERSION = YES;
				CLANG_WARN_DIRECT_OBJC_ISA_USAGE = YES_ERROR;
				CLANG_WARN_EMPTY_BODY = YES;
				CLANG_WARN_ENUM_CONVERSION = YES;
				CLANG_WARN_INT_CONVERSION = YES;
				CLANG_WARN_OBJC_ROOT_CLASS = YES_ERROR;
				CLANG_WARN_UNREACHABLE_CODE = YES;
				CLANG_WARN__DUPLICATE_METHOD_MATCH = YES;
				"CODE_SIGN_IDENTITY[sdk=iphoneos*]" = "iPhone Developer";
				COPY_PHASE_STRIP = NO;
				DEBUG_INFORMATION_FORMAT = dwarf;
				ENABLE_STRICT_OBJC_MSGSEND = YES;
				ENABLE_TESTABILITY = YES;
				GCC_C_LANGUAGE_STANDARD = gnu99;
				GCC_DYNAMIC_NO_PIC = NO;
				GCC_NO_COMMON_BLOCKS = YES;
				GCC_OPTIMIZATION_LEVEL = 0;
				GCC_PREPROCESSOR_DEFINITIONS = (
					"DEBUG=1",
					"$(inherited)",
				);
				GCC_WARN_64_TO_32_BIT_CONVERSION = YES;
				GCC_WARN_ABOUT_RETURN_TYPE = YES_ERROR;
				GCC_WARN_UNDECLARED_SELECTOR = YES;
				GCC_WARN_UNINITIALIZED_AUTOS = YES_AGGRESSIVE;
				GCC_WARN_UNUSED_FUNCTION = YES;
				GCC_WARN_UNUSED_VARIABLE = YES;
				IPHONEOS_DEPLOYMENT_TARGET = 9.1;
				MTL_ENABLE_DEBUG_INFO = YES;
				ONLY_ACTIVE_ARCH = YES;
				SDKROOT = iphoneos;
				TARGETED_DEVICE_FAMILY = "1,2";
			};
			name = Debug;
		};
		44CBD8071D14AC8200B2F079 /* Release */ = {
			isa = XCBuildConfiguration;
			buildSettings = {
				ALWAYS_SEARCH_USER_PATHS = NO;
				CLANG_CXX_LANGUAGE_STANDARD = "gnu++0x";
				CLANG_CXX_LIBRARY = "libc++";
				CLANG_ENABLE_MODULES = YES;
				CLANG_ENABLE_OBJC_ARC = YES;
				CLANG_WARN_BOOL_CONVERSION = YES;
				CLANG_WARN_CONSTANT_CONVERSION = YES;
				CLANG_WARN_DIRECT_OBJC_ISA_USAGE = YES_ERROR;
				CLANG_WARN_EMPTY_BODY = YES;
				CLANG_WARN_ENUM_CONVERSION = YES;
				CLANG_WARN_INT_CONVERSION = YES;
				CLANG_WARN_OBJC_ROOT_CLASS = YES_ERROR;
				CLANG_WARN_UNREACHABLE_CODE = YES;
				CLANG_WARN__DUPLICATE_METHOD_MATCH = YES;
				"CODE_SIGN_IDENTITY[sdk=iphoneos*]" = "iPhone Developer";
				COPY_PHASE_STRIP = NO;
				DEBUG_INFORMATION_FORMAT = "dwarf-with-dsym";
				ENABLE_NS_ASSERTIONS = NO;
				ENABLE_STRICT_OBJC_MSGSEND = YES;
				GCC_C_LANGUAGE_STANDARD = gnu99;
				GCC_NO_COMMON_BLOCKS = YES;
				GCC_WARN_64_TO_32_BIT_CONVERSION = YES;
				GCC_WARN_ABOUT_RETURN_TYPE = YES_ERROR;
				GCC_WARN_UNDECLARED_SELECTOR = YES;
				GCC_WARN_UNINITIALIZED_AUTOS = YES_AGGRESSIVE;
				GCC_WARN_UNUSED_FUNCTION = YES;
				GCC_WARN_UNUSED_VARIABLE = YES;
				IPHONEOS_DEPLOYMENT_TARGET = 9.1;
				MTL_ENABLE_DEBUG_INFO = NO;
				SDKROOT = iphoneos;
				TARGETED_DEVICE_FAMILY = "1,2";
				VALIDATE_PRODUCT = YES;
			};
			name = Release;
		};
		44CBD8091D14AC8200B2F079 /* Debug */ = {
			isa = XCBuildConfiguration;
			buildSettings = {
				ASSETCATALOG_COMPILER_APPICON_NAME = AppIcon;
				INFOPLIST_FILE = "5-4___runtime__交换方法/Info.plist";
				LD_RUNPATH_SEARCH_PATHS = "$(inherited) @executable_path/Frameworks";
				PRODUCT_BUNDLE_IDENTIFIER = "M-coppco.--4---runtime------";
				PRODUCT_NAME = "$(TARGET_NAME)";
			};
			name = Debug;
		};
		44CBD80A1D14AC8200B2F079 /* Release */ = {
			isa = XCBuildConfiguration;
			buildSettings = {
				ASSETCATALOG_COMPILER_APPICON_NAME = AppIcon;
				INFOPLIST_FILE = "5-4___runtime__交换方法/Info.plist";
				LD_RUNPATH_SEARCH_PATHS = "$(inherited) @executable_path/Frameworks";
				PRODUCT_BUNDLE_IDENTIFIER = "M-coppco.--4---runtime------";
				PRODUCT_NAME = "$(TARGET_NAME)";
			};
			name = Release;
		};
		44CBD80C1D14AC8200B2F079 /* Debug */ = {
			isa = XCBuildConfiguration;
			buildSettings = {
				BUNDLE_LOADER = "$(TEST_HOST)";
				INFOPLIST_FILE = "5-4___runtime__交换方法Tests/Info.plist";
				LD_RUNPATH_SEARCH_PATHS = "$(inherited) @executable_path/Frameworks @loader_path/Frameworks";
				PRODUCT_BUNDLE_IDENTIFIER = "M-coppco.--4---runtime------Tests";
				PRODUCT_NAME = "$(TARGET_NAME)";
				TEST_HOST = "$(BUILT_PRODUCTS_DIR)/5-4___runtime__交换方法.app/5-4___runtime__交换方法";
			};
			name = Debug;
		};
		44CBD80D1D14AC8200B2F079 /* Release */ = {
			isa = XCBuildConfiguration;
			buildSettings = {
				BUNDLE_LOADER = "$(TEST_HOST)";
				INFOPLIST_FILE = "5-4___runtime__交换方法Tests/Info.plist";
				LD_RUNPATH_SEARCH_PATHS = "$(inherited) @executable_path/Frameworks @loader_path/Frameworks";
				PRODUCT_BUNDLE_IDENTIFIER = "M-coppco.--4---runtime------Tests";
				PRODUCT_NAME = "$(TARGET_NAME)";
				TEST_HOST = "$(BUILT_PRODUCTS_DIR)/5-4___runtime__交换方法.app/5-4___runtime__交换方法";
			};
			name = Release;
		};
		44CBD80F1D14AC8200B2F079 /* Debug */ = {
			isa = XCBuildConfiguration;
			buildSettings = {
				INFOPLIST_FILE = "5-4___runtime__交换方法UITests/Info.plist";
				LD_RUNPATH_SEARCH_PATHS = "$(inherited) @executable_path/Frameworks @loader_path/Frameworks";
				PRODUCT_BUNDLE_IDENTIFIER = "M-coppco.--4---runtime------UITests";
				PRODUCT_NAME = "$(TARGET_NAME)";
				TEST_TARGET_NAME = "5-4___runtime__交换方法";
				USES_XCTRUNNER = YES;
			};
			name = Debug;
		};
		44CBD8101D14AC8200B2F079 /* Release */ = {
			isa = XCBuildConfiguration;
			buildSettings = {
				INFOPLIST_FILE = "5-4___runtime__交换方法UITests/Info.plist";
				LD_RUNPATH_SEARCH_PATHS = "$(inherited) @executable_path/Frameworks @loader_path/Frameworks";
				PRODUCT_BUNDLE_IDENTIFIER = "M-coppco.--4---runtime------UITests";
				PRODUCT_NAME = "$(TARGET_NAME)";
				TEST_TARGET_NAME = "5-4___runtime__交换方法";
				USES_XCTRUNNER = YES;
			};
			name = Release;
		};
/* End XCBuildConfiguration section */

/* Begin XCConfigurationList section */
		44CBD7D61D14AC8100B2F079 /* Build configuration list for PBXProject "5-4___runtime__交换方法" */ = {
			isa = XCConfigurationList;
			buildConfigurations = (
				44CBD8061D14AC8200B2F079 /* Debug */,
				44CBD8071D14AC8200B2F079 /* Release */,
			);
			defaultConfigurationIsVisible = 0;
			defaultConfigurationName = Release;
		};
		44CBD8081D14AC8200B2F079 /* Build configuration list for PBXNativeTarget "5-4___runtime__交换方法" */ = {
			isa = XCConfigurationList;
			buildConfigurations = (
				44CBD8091D14AC8200B2F079 /* Debug */,
				44CBD80A1D14AC8200B2F079 /* Release */,
			);
			defaultConfigurationIsVisible = 0;
		};
		44CBD80B1D14AC8200B2F079 /* Build configuration list for PBXNativeTarget "5-4___runtime__交换方法Tests" */ = {
			isa = XCConfigurationList;
			buildConfigurations = (
				44CBD80C1D14AC8200B2F079 /* Debug */,
				44CBD80D1D14AC8200B2F079 /* Release */,
			);
			defaultConfigurationIsVisible = 0;
		};
		44CBD80E1D14AC8200B2F079 /* Build configuration list for PBXNativeTarget "5-4___runtime__交换方法UITests" */ = {
			isa = XCConfigurationList;
			buildConfigurations = (
				44CBD80F1D14AC8200B2F079 /* Debug */,
				44CBD8101D14AC8200B2F079 /* Release */,
			);
			defaultConfigurationIsVisible = 0;
		};
/* End XCConfigurationList section */
	};
	rootObject = 44CBD7D31D14AC8100B2F079 /* Project object */;
}
